// !$*UTF8*$!
{
	archiveVersion = 1;
	classes = {
	};
	objectVersion = 46;
	objects = {

/* Begin PBXBuildFile section */
		D70C3E9E1CF76C4700B7BAB5 /* BaiduMapAPI_Base.framework in Frameworks */ = {isa = PBXBuildFile; fileRef = D70C3E991CF76C4700B7BAB5 /* BaiduMapAPI_Base.framework */; };
		D70C3E9F1CF76C4700B7BAB5 /* BaiduMapAPI_Cloud.framework in Frameworks */ = {isa = PBXBuildFile; fileRef = D70C3E9A1CF76C4700B7BAB5 /* BaiduMapAPI_Cloud.framework */; };
		D70C3EA01CF76C4700B7BAB5 /* BaiduMapAPI_Location.framework in Frameworks */ = {isa = PBXBuildFile; fileRef = D70C3E9B1CF76C4700B7BAB5 /* BaiduMapAPI_Location.framework */; };
		D70C3EA11CF76C4700B7BAB5 /* BaiduMapAPI_Map.framework in Frameworks */ = {isa = PBXBuildFile; fileRef = D70C3E9C1CF76C4700B7BAB5 /* BaiduMapAPI_Map.framework */; };
		D70C3EA21CF76C4700B7BAB5 /* BaiduMapAPI_Search.framework in Frameworks */ = {isa = PBXBuildFile; fileRef = D70C3E9D1CF76C4700B7BAB5 /* BaiduMapAPI_Search.framework */; };
		D70C3EE91CF95BC700B7BAB5 /* MetroLineTitleView.m in Sources */ = {isa = PBXBuildFile; fileRef = D70C3EE81CF95BC700B7BAB5 /* MetroLineTitleView.m */; };
		D70C3EEB1CF95BD000B7BAB5 /* MetroLineTitleView.xib in Resources */ = {isa = PBXBuildFile; fileRef = D70C3EEA1CF95BD000B7BAB5 /* MetroLineTitleView.xib */; };
		D70C3EF21CF98A2300B7BAB5 /* BaiduSDKMetroLineSearch.m in Sources */ = {isa = PBXBuildFile; fileRef = D70C3EEE1CF98A2300B7BAB5 /* BaiduSDKMetroLineSearch.m */; };
		D70C3EF31CF98A2300B7BAB5 /* BaiduSDKMetroStationAroundBusLineSearch.m in Sources */ = {isa = PBXBuildFile; fileRef = D70C3EF01CF98A2300B7BAB5 /* BaiduSDKMetroStationAroundBusLineSearch.m */; };
		D77DCA3E1CF6933C002249CC /* BlurActionSheetView.m in Sources */ = {isa = PBXBuildFile; fileRef = D77DCA3D1CF6933C002249CC /* BlurActionSheetView.m */; };
		D77DCA421CF6E0AD002249CC /* HLLPullToRefreshView.m in Sources */ = {isa = PBXBuildFile; fileRef = D77DCA411CF6E0AD002249CC /* HLLPullToRefreshView.m */; };
		D77DCA511CF73E6D002249CC /* MetroLineStationInfoHelper.m in Sources */ = {isa = PBXBuildFile; fileRef = D77DCA501CF73E6D002249CC /* MetroLineStationInfoHelper.m */; };
		D77DCA541CF7443F002249CC /* BlurEffectView.m in Sources */ = {isa = PBXBuildFile; fileRef = D77DCA531CF7443F002249CC /* BlurEffectView.m */; };
		D77DCA571CF75966002249CC /* LineStationBaseInfoView.m in Sources */ = {isa = PBXBuildFile; fileRef = D77DCA561CF75966002249CC /* LineStationBaseInfoView.m */; };
		D78C6A381CF98FC900CAF770 /* MetroLineInfoDataSource_BaiduSDK.m in Sources */ = {isa = PBXBuildFile; fileRef = D78C6A371CF98FC900CAF770 /* MetroLineInfoDataSource_BaiduSDK.m */; };
		D78C6A3B1CF9922200CAF770 /* MetroLineInfoDataSourceAdapter.m in Sources */ = {isa = PBXBuildFile; fileRef = D78C6A3A1CF9922200CAF770 /* MetroLineInfoDataSourceAdapter.m */; };
		D78C6A421CF99CA900CAF770 /* LineStationsCell.m in Sources */ = {isa = PBXBuildFile; fileRef = D78C6A401CF99CA900CAF770 /* LineStationsCell.m */; };
		D78C6A431CF99CA900CAF770 /* LineStationsCell.xib in Resources */ = {isa = PBXBuildFile; fileRef = D78C6A411CF99CA900CAF770 /* LineStationsCell.xib */; };
		D78C6A491CF9BED400CAF770 /* CSStickyHeaderFlowLayout.m in Sources */ = {isa = PBXBuildFile; fileRef = D78C6A461CF9BED400CAF770 /* CSStickyHeaderFlowLayout.m */; };
		D78C6A4A1CF9BED400CAF770 /* CSStickyHeaderFlowLayoutAttributes.m in Sources */ = {isa = PBXBuildFile; fileRef = D78C6A481CF9BED400CAF770 /* CSStickyHeaderFlowLayoutAttributes.m */; };
		D78C6A4E1CF9C18A00CAF770 /* LineStationsViewCell.m in Sources */ = {isa = PBXBuildFile; fileRef = D78C6A4C1CF9C18A00CAF770 /* LineStationsViewCell.m */; };
		D78C6A4F1CF9C18A00CAF770 /* LineStationsViewCell.xib in Resources */ = {isa = PBXBuildFile; fileRef = D78C6A4D1CF9C18A00CAF770 /* LineStationsViewCell.xib */; };
		D78C6A521CF9D33000CAF770 /* LineStationsSectionHeaderView.m in Sources */ = {isa = PBXBuildFile; fileRef = D78C6A511CF9D33000CAF770 /* LineStationsSectionHeaderView.m */; };
		D7D855801CF34BFF0028B92D /* main.m in Sources */ = {isa = PBXBuildFile; fileRef = D7D8557F1CF34BFF0028B92D /* main.m */; };
		D7D855831CF34BFF0028B92D /* AppDelegate.m in Sources */ = {isa = PBXBuildFile; fileRef = D7D855821CF34BFF0028B92D /* AppDelegate.m */; };
		D7D855891CF34BFF0028B92D /* Main.storyboard in Resources */ = {isa = PBXBuildFile; fileRef = D7D855871CF34BFF0028B92D /* Main.storyboard */; };
		D7D8558B1CF34BFF0028B92D /* Assets.xcassets in Resources */ = {isa = PBXBuildFile; fileRef = D7D8558A1CF34BFF0028B92D /* Assets.xcassets */; };
		D7D8558E1CF34BFF0028B92D /* LaunchScreen.storyboard in Resources */ = {isa = PBXBuildFile; fileRef = D7D8558C1CF34BFF0028B92D /* LaunchScreen.storyboard */; };
		D7D855991CF34BFF0028B92D /* SimpleMetroUITests.m in Sources */ = {isa = PBXBuildFile; fileRef = D7D855981CF34BFF0028B92D /* SimpleMetroUITests.m */; };
		D7D855DF1CF36FF80028B92D /* DropListView.m in Sources */ = {isa = PBXBuildFile; fileRef = D7D855D51CF36FF80028B92D /* DropListView.m */; };
		D7D855E01CF36FF80028B92D /* HLLSpotlight.m in Sources */ = {isa = PBXBuildFile; fileRef = D7D855D81CF36FF80028B92D /* HLLSpotlight.m */; };
		D7D855E11CF36FF80028B92D /* HLLSpotlightView.m in Sources */ = {isa = PBXBuildFile; fileRef = D7D855DA1CF36FF80028B92D /* HLLSpotlightView.m */; };
		D7D855E21CF36FF80028B92D /* HLLSpotlightViewController.m in Sources */ = {isa = PBXBuildFile; fileRef = D7D855DC1CF36FF80028B92D /* HLLSpotlightViewController.m */; };
		D7D855E31CF36FF80028B92D /* HLLTransition.m in Sources */ = {isa = PBXBuildFile; fileRef = D7D855DE1CF36FF80028B92D /* HLLTransition.m */; };
		D7D855EF1CF3F0C50028B92D /* RECommonFunctions.m in Sources */ = {isa = PBXBuildFile; fileRef = D7D855EA1CF3F0C50028B92D /* RECommonFunctions.m */; };
		D7D855F01CF3F0C50028B92D /* RESideMenu.m in Sources */ = {isa = PBXBuildFile; fileRef = D7D855EC1CF3F0C50028B92D /* RESideMenu.m */; };
		D7D855F11CF3F0C50028B92D /* UIViewController+RESideMenu.m in Sources */ = {isa = PBXBuildFile; fileRef = D7D855EE1CF3F0C50028B92D /* UIViewController+RESideMenu.m */; };
		D7D856081CF3F6450028B92D /* UIColor+Common.m in Sources */ = {isa = PBXBuildFile; fileRef = D7D856011CF3F6450028B92D /* UIColor+Common.m */; };
		D7D856091CF3F6450028B92D /* UIImage+Tint.m in Sources */ = {isa = PBXBuildFile; fileRef = D7D856031CF3F6450028B92D /* UIImage+Tint.m */; };
		D7D8560A1CF3F6450028B92D /* UITableView+Line.m in Sources */ = {isa = PBXBuildFile; fileRef = D7D856051CF3F6450028B92D /* UITableView+Line.m */; };
		D7D8560B1CF3F6450028B92D /* UIView+Common.m in Sources */ = {isa = PBXBuildFile; fileRef = D7D856071CF3F6450028B92D /* UIView+Common.m */; };
		D7D8560F1CF3F6740028B92D /* StoryBoardUtilities.m in Sources */ = {isa = PBXBuildFile; fileRef = D7D8560E1CF3F6740028B92D /* StoryBoardUtilities.m */; };
		D7D8562D1CF4342C0028B92D /* FAKFontAwesome.m in Sources */ = {isa = PBXBuildFile; fileRef = D7D856191CF4342C0028B92D /* FAKFontAwesome.m */; };
		D7D8562E1CF4342C0028B92D /* FAKFoundationIcons.m in Sources */ = {isa = PBXBuildFile; fileRef = D7D8561B1CF4342C0028B92D /* FAKFoundationIcons.m */; };
		D7D8562F1CF4342C0028B92D /* FAKIcon.m in Sources */ = {isa = PBXBuildFile; fileRef = D7D8561D1CF4342C0028B92D /* FAKIcon.m */; };
		D7D856301CF4342C0028B92D /* FAKIonIcons.m in Sources */ = {isa = PBXBuildFile; fileRef = D7D8561F1CF4342C0028B92D /* FAKIonIcons.m */; };
		D7D856311CF4342C0028B92D /* FAKMaterialIcons.m in Sources */ = {isa = PBXBuildFile; fileRef = D7D856211CF4342C0028B92D /* FAKMaterialIcons.m */; };
		D7D856321CF4342C0028B92D /* FAKOcticons.m in Sources */ = {isa = PBXBuildFile; fileRef = D7D856231CF4342C0028B92D /* FAKOcticons.m */; };
		D7D856331CF4342C0028B92D /* FAKZocial.m in Sources */ = {isa = PBXBuildFile; fileRef = D7D856251CF4342C0028B92D /* FAKZocial.m */; };
		D7D856341CF4342C0028B92D /* FontAwesome.otf in Resources */ = {isa = PBXBuildFile; fileRef = D7D856261CF4342C0028B92D /* FontAwesome.otf */; };
		D7D856351CF4342C0028B92D /* foundation-icons.ttf in Resources */ = {isa = PBXBuildFile; fileRef = D7D856281CF4342C0028B92D /* foundation-icons.ttf */; };
		D7D856361CF4342C0028B92D /* ionicons.ttf in Resources */ = {isa = PBXBuildFile; fileRef = D7D856291CF4342C0028B92D /* ionicons.ttf */; };
		D7D856371CF4342C0028B92D /* Material-Design-Iconic-Font.ttf in Resources */ = {isa = PBXBuildFile; fileRef = D7D8562A1CF4342C0028B92D /* Material-Design-Iconic-Font.ttf */; };
		D7D856381CF4342C0028B92D /* octicons.ttf in Resources */ = {isa = PBXBuildFile; fileRef = D7D8562B1CF4342C0028B92D /* octicons.ttf */; };
		D7D856391CF4342C0028B92D /* zocial-regular-webfont.ttf in Resources */ = {isa = PBXBuildFile; fileRef = D7D8562C1CF4342C0028B92D /* zocial-regular-webfont.ttf */; };
		D7D856471CF455080028B92D /* UIImage+Common.m in Sources */ = {isa = PBXBuildFile; fileRef = D7D856461CF455080028B92D /* UIImage+Common.m */; };
		D7D8565E1CF545B60028B92D /* AroundService.storyboard in Resources */ = {isa = PBXBuildFile; fileRef = D7D8565C1CF545B60028B92D /* AroundService.storyboard */; };
		D7D856601CF546CA0028B92D /* MetroInfo.storyboard in Resources */ = {isa = PBXBuildFile; fileRef = D7D8565F1CF546CA0028B92D /* MetroInfo.storyboard */; };
		D7D856781CF56E6B0028B92D /* MetroLineInfoDataSource_Plist.m in Sources */ = {isa = PBXBuildFile; fileRef = D7D856691CF56E6B0028B92D /* MetroLineInfoDataSource_Plist.m */; };
		D7D856791CF56E6B0028B92D /* StationInfoDataSource.m in Sources */ = {isa = PBXBuildFile; fileRef = D7D8566B1CF56E6B0028B92D /* StationInfoDataSource.m */; };
		D7D8567A1CF56E6B0028B92D /* LeftMenuCell.m in Sources */ = {isa = PBXBuildFile; fileRef = D7D8566E1CF56E6B0028B92D /* LeftMenuCell.m */; };
		D7D8567B1CF56E6B0028B92D /* LeftMenuCell.xib in Resources */ = {isa = PBXBuildFile; fileRef = D7D8566F1CF56E6B0028B92D /* LeftMenuCell.xib */; };
		D7D8567C1CF56E6B0028B92D /* LeftMenuSectionHeaderView.m in Sources */ = {isa = PBXBuildFile; fileRef = D7D856711CF56E6B0028B92D /* LeftMenuSectionHeaderView.m */; };
		D7D8567D1CF56E6B0028B92D /* LeftMenuSectionHeaderView.xib in Resources */ = {isa = PBXBuildFile; fileRef = D7D856721CF56E6B0028B92D /* LeftMenuSectionHeaderView.xib */; };
		D7D8567E1CF56E6B0028B92D /* LeftMenuSelectedBackgroundView.xib in Resources */ = {isa = PBXBuildFile; fileRef = D7D856731CF56E6B0028B92D /* LeftMenuSelectedBackgroundView.xib */; };
		D7D8567F1CF56E6B0028B92D /* LineStationCell.m in Sources */ = {isa = PBXBuildFile; fileRef = D7D856751CF56E6B0028B92D /* LineStationCell.m */; };
		D7D856801CF56E6B0028B92D /* LineStationCell.xib in Resources */ = {isa = PBXBuildFile; fileRef = D7D856761CF56E6B0028B92D /* LineStationCell.xib */; };
		D7D856971CF56EE60028B92D /* BaseViewController.m in Sources */ = {isa = PBXBuildFile; fileRef = D7D856831CF56EE60028B92D /* BaseViewController.m */; };
		D7D856981CF56EE60028B92D /* GuideViewController.m in Sources */ = {isa = PBXBuildFile; fileRef = D7D856861CF56EE60028B92D /* GuideViewController.m */; };
		D7D856991CF56EE60028B92D /* AboutMeViewController.m in Sources */ = {isa = PBXBuildFile; fileRef = D7D856891CF56EE60028B92D /* AboutMeViewController.m */; };
		D7D8569A1CF56EE60028B92D /* OpenSourceViewController.m in Sources */ = {isa = PBXBuildFile; fileRef = D7D8568B1CF56EE60028B92D /* OpenSourceViewController.m */; };
		D7D8569B1CF56EE60028B92D /* AboutMetroViewController.m in Sources */ = {isa = PBXBuildFile; fileRef = D7D8568E1CF56EE60028B92D /* AboutMetroViewController.m */; };
		D7D8569C1CF56EE60028B92D /* AroundServiceViewContrller.m in Sources */ = {isa = PBXBuildFile; fileRef = D7D856901CF56EE60028B92D /* AroundServiceViewContrller.m */; };
		D7D8569D1CF56EE60028B92D /* StationInfoController.m in Sources */ = {isa = PBXBuildFile; fileRef = D7D856921CF56EE60028B92D /* StationInfoController.m */; };
		D7D8569E1CF56EE60028B92D /* ViewController.m in Sources */ = {isa = PBXBuildFile; fileRef = D7D856941CF56EE60028B92D /* ViewController.m */; };
		D7D8569F1CF56EE60028B92D /* LeftMenuViewController.m in Sources */ = {isa = PBXBuildFile; fileRef = D7D856961CF56EE60028B92D /* LeftMenuViewController.m */; };
		D7D856A81CF56F590028B92D /* cocoapods.png in Resources */ = {isa = PBXBuildFile; fileRef = D7D856A31CF56F590028B92D /* cocoapods.png */; };
		D7D856A91CF56F590028B92D /* credits.html in Resources */ = {isa = PBXBuildFile; fileRef = D7D856A41CF56F590028B92D /* credits.html */; };
		D7D856AB1CF56F590028B92D /* style.css in Resources */ = {isa = PBXBuildFile; fileRef = D7D856A61CF56F590028B92D /* style.css */; };
		D7D856AD1CF57A410028B92D /* metroline.plist in Resources */ = {isa = PBXBuildFile; fileRef = D7D856AC1CF57A410028B92D /* metroline.plist */; };
		D7D856AF1CF59E690028B92D /* CoreLocation.framework in Frameworks */ = {isa = PBXBuildFile; fileRef = D7D856AE1CF59E690028B92D /* CoreLocation.framework */; };
		D7D856B11CF59E910028B92D /* QuartzCore.framework in Frameworks */ = {isa = PBXBuildFile; fileRef = D7D856B01CF59E910028B92D /* QuartzCore.framework */; };
		D7D856B31CF59E980028B92D /* OpenGLES.framework in Frameworks */ = {isa = PBXBuildFile; fileRef = D7D856B21CF59E980028B92D /* OpenGLES.framework */; };
		D7D856B51CF59EA50028B92D /* SystemConfiguration.framework in Frameworks */ = {isa = PBXBuildFile; fileRef = D7D856B41CF59EA50028B92D /* SystemConfiguration.framework */; };
		D7D856B71CF59EAF0028B92D /* CoreTelephony.framework in Frameworks */ = {isa = PBXBuildFile; fileRef = D7D856B61CF59EAE0028B92D /* CoreTelephony.framework */; };
		D7D856B91CF59EB50028B92D /* Security.framework in Frameworks */ = {isa = PBXBuildFile; fileRef = D7D856B81CF59EB50028B92D /* Security.framework */; };
		D7D856BB1CF59EC00028B92D /* libsqlite3.0.tbd in Frameworks */ = {isa = PBXBuildFile; fileRef = D7D856BA1CF59EC00028B92D /* libsqlite3.0.tbd */; };
		D7D856BD1CF59ED20028B92D /* CoreGraphics.framework in Frameworks */ = {isa = PBXBuildFile; fileRef = D7D856BC1CF59ED20028B92D /* CoreGraphics.framework */; };
		D7D856BF1CF59EE00028B92D /* libstdc++.6.0.9.tbd in Frameworks */ = {isa = PBXBuildFile; fileRef = D7D856BE1CF59EE00028B92D /* libstdc++.6.0.9.tbd */; };
		D7D856C21CF59F490028B92D /* LeftMenuDataSource.m in Sources */ = {isa = PBXBuildFile; fileRef = D7D856C11CF59F490028B92D /* LeftMenuDataSource.m */; };
/* End PBXBuildFile section */

/* Begin PBXContainerItemProxy section */
		D7D855951CF34BFF0028B92D /* PBXContainerItemProxy */ = {
			isa = PBXContainerItemProxy;
			containerPortal = D7D855731CF34BFF0028B92D /* Project object */;
			proxyType = 1;
			remoteGlobalIDString = D7D8557A1CF34BFF0028B92D;
			remoteInfo = SimpleMetro;
		};
/* End PBXContainerItemProxy section */

/* Begin PBXFileReference section */
		D70C3E991CF76C4700B7BAB5 /* BaiduMapAPI_Base.framework */ = {isa = PBXFileReference; lastKnownFileType = wrapper.framework; path = BaiduMapAPI_Base.framework; sourceTree = "<group>"; };
		D70C3E9A1CF76C4700B7BAB5 /* BaiduMapAPI_Cloud.framework */ = {isa = PBXFileReference; lastKnownFileType = wrapper.framework; path = BaiduMapAPI_Cloud.framework; sourceTree = "<group>"; };
		D70C3E9B1CF76C4700B7BAB5 /* BaiduMapAPI_Location.framework */ = {isa = PBXFileReference; lastKnownFileType = wrapper.framework; path = BaiduMapAPI_Location.framework; sourceTree = "<group>"; };
		D70C3E9C1CF76C4700B7BAB5 /* BaiduMapAPI_Map.framework */ = {isa = PBXFileReference; lastKnownFileType = wrapper.framework; path = BaiduMapAPI_Map.framework; sourceTree = "<group>"; };
		D70C3E9D1CF76C4700B7BAB5 /* BaiduMapAPI_Search.framework */ = {isa = PBXFileReference; lastKnownFileType = wrapper.framework; path = BaiduMapAPI_Search.framework; sourceTree = "<group>"; };
		D70C3EDB1CF7F58700B7BAB5 /* LogDefine.h */ = {isa = PBXFileReference; lastKnownFileType = sourcecode.c.h; path = LogDefine.h; sourceTree = "<group>"; };
		D70C3EDC1CF7F63600B7BAB5 /* SimpleMetro.pch */ = {isa = PBXFileReference; lastKnownFileType = sourcecode.c.h; path = SimpleMetro.pch; sourceTree = "<group>"; };
		D70C3EE71CF95BC700B7BAB5 /* MetroLineTitleView.h */ = {isa = PBXFileReference; fileEncoding = 4; lastKnownFileType = sourcecode.c.h; path = MetroLineTitleView.h; sourceTree = "<group>"; };
		D70C3EE81CF95BC700B7BAB5 /* MetroLineTitleView.m */ = {isa = PBXFileReference; fileEncoding = 4; lastKnownFileType = sourcecode.c.objc; path = MetroLineTitleView.m; sourceTree = "<group>"; };
		D70C3EEA1CF95BD000B7BAB5 /* MetroLineTitleView.xib */ = {isa = PBXFileReference; fileEncoding = 4; lastKnownFileType = file.xib; path = MetroLineTitleView.xib; sourceTree = "<group>"; };
		D70C3EED1CF98A2300B7BAB5 /* BaiduSDKMetroLineSearch.h */ = {isa = PBXFileReference; fileEncoding = 4; lastKnownFileType = sourcecode.c.h; path = BaiduSDKMetroLineSearch.h; sourceTree = "<group>"; };
		D70C3EEE1CF98A2300B7BAB5 /* BaiduSDKMetroLineSearch.m */ = {isa = PBXFileReference; fileEncoding = 4; lastKnownFileType = sourcecode.c.objc; path = BaiduSDKMetroLineSearch.m; sourceTree = "<group>"; };
		D70C3EEF1CF98A2300B7BAB5 /* BaiduSDKMetroStationAroundBusLineSearch.h */ = {isa = PBXFileReference; fileEncoding = 4; lastKnownFileType = sourcecode.c.h; path = BaiduSDKMetroStationAroundBusLineSearch.h; sourceTree = "<group>"; };
		D70C3EF01CF98A2300B7BAB5 /* BaiduSDKMetroStationAroundBusLineSearch.m */ = {isa = PBXFileReference; fileEncoding = 4; lastKnownFileType = sourcecode.c.objc; path = BaiduSDKMetroStationAroundBusLineSearch.m; sourceTree = "<group>"; };
		D70C3EF11CF98A2300B7BAB5 /* BaiduSDKSearchProtocol.h */ = {isa = PBXFileReference; fileEncoding = 4; lastKnownFileType = sourcecode.c.h; path = BaiduSDKSearchProtocol.h; sourceTree = "<group>"; };
		D77DCA3C1CF6933C002249CC /* BlurActionSheetView.h */ = {isa = PBXFileReference; fileEncoding = 4; lastKnownFileType = sourcecode.c.h; path = BlurActionSheetView.h; sourceTree = "<group>"; };
		D77DCA3D1CF6933C002249CC /* BlurActionSheetView.m */ = {isa = PBXFileReference; fileEncoding = 4; lastKnownFileType = sourcecode.c.objc; path = BlurActionSheetView.m; sourceTree = "<group>"; };
		D77DCA401CF6E0AD002249CC /* HLLPullToRefreshView.h */ = {isa = PBXFileReference; fileEncoding = 4; lastKnownFileType = sourcecode.c.h; path = HLLPullToRefreshView.h; sourceTree = "<group>"; };
		D77DCA411CF6E0AD002249CC /* HLLPullToRefreshView.m */ = {isa = PBXFileReference; fileEncoding = 4; lastKnownFileType = sourcecode.c.objc; path = HLLPullToRefreshView.m; sourceTree = "<group>"; };
		D77DCA4F1CF73E6D002249CC /* MetroLineStationInfoHelper.h */ = {isa = PBXFileReference; fileEncoding = 4; lastKnownFileType = sourcecode.c.h; path = MetroLineStationInfoHelper.h; sourceTree = "<group>"; };
		D77DCA501CF73E6D002249CC /* MetroLineStationInfoHelper.m */ = {isa = PBXFileReference; fileEncoding = 4; lastKnownFileType = sourcecode.c.objc; path = MetroLineStationInfoHelper.m; sourceTree = "<group>"; };
		D77DCA521CF7443F002249CC /* BlurEffectView.h */ = {isa = PBXFileReference; fileEncoding = 4; lastKnownFileType = sourcecode.c.h; path = BlurEffectView.h; sourceTree = "<group>"; };
		D77DCA531CF7443F002249CC /* BlurEffectView.m */ = {isa = PBXFileReference; fileEncoding = 4; lastKnownFileType = sourcecode.c.objc; path = BlurEffectView.m; sourceTree = "<group>"; };
		D77DCA551CF75966002249CC /* LineStationBaseInfoView.h */ = {isa = PBXFileReference; fileEncoding = 4; lastKnownFileType = sourcecode.c.h; path = LineStationBaseInfoView.h; sourceTree = "<group>"; };
		D77DCA561CF75966002249CC /* LineStationBaseInfoView.m */ = {isa = PBXFileReference; fileEncoding = 4; lastKnownFileType = sourcecode.c.objc; path = LineStationBaseInfoView.m; sourceTree = "<group>"; };
		D78C6A361CF98FC900CAF770 /* MetroLineInfoDataSource_BaiduSDK.h */ = {isa = PBXFileReference; fileEncoding = 4; lastKnownFileType = sourcecode.c.h; path = MetroLineInfoDataSource_BaiduSDK.h; sourceTree = "<group>"; };
		D78C6A371CF98FC900CAF770 /* MetroLineInfoDataSource_BaiduSDK.m */ = {isa = PBXFileReference; fileEncoding = 4; lastKnownFileType = sourcecode.c.objc; path = MetroLineInfoDataSource_BaiduSDK.m; sourceTree = "<group>"; };
		D78C6A391CF9922200CAF770 /* MetroLineInfoDataSourceAdapter.h */ = {isa = PBXFileReference; fileEncoding = 4; lastKnownFileType = sourcecode.c.h; path = MetroLineInfoDataSourceAdapter.h; sourceTree = "<group>"; };
		D78C6A3A1CF9922200CAF770 /* MetroLineInfoDataSourceAdapter.m */ = {isa = PBXFileReference; fileEncoding = 4; lastKnownFileType = sourcecode.c.objc; path = MetroLineInfoDataSourceAdapter.m; sourceTree = "<group>"; };
		D78C6A3F1CF99CA900CAF770 /* LineStationsCell.h */ = {isa = PBXFileReference; fileEncoding = 4; lastKnownFileType = sourcecode.c.h; path = LineStationsCell.h; sourceTree = "<group>"; };
		D78C6A401CF99CA900CAF770 /* LineStationsCell.m */ = {isa = PBXFileReference; fileEncoding = 4; lastKnownFileType = sourcecode.c.objc; path = LineStationsCell.m; sourceTree = "<group>"; };
		D78C6A411CF99CA900CAF770 /* LineStationsCell.xib */ = {isa = PBXFileReference; fileEncoding = 4; lastKnownFileType = file.xib; path = LineStationsCell.xib; sourceTree = "<group>"; };
		D78C6A451CF9BED400CAF770 /* CSStickyHeaderFlowLayout.h */ = {isa = PBXFileReference; fileEncoding = 4; lastKnownFileType = sourcecode.c.h; path = CSStickyHeaderFlowLayout.h; sourceTree = "<group>"; };
		D78C6A461CF9BED400CAF770 /* CSStickyHeaderFlowLayout.m */ = {isa = PBXFileReference; fileEncoding = 4; lastKnownFileType = sourcecode.c.objc; path = CSStickyHeaderFlowLayout.m; sourceTree = "<group>"; };
		D78C6A471CF9BED400CAF770 /* CSStickyHeaderFlowLayoutAttributes.h */ = {isa = PBXFileReference; fileEncoding = 4; lastKnownFileType = sourcecode.c.h; path = CSStickyHeaderFlowLayoutAttributes.h; sourceTree = "<group>"; };
		D78C6A481CF9BED400CAF770 /* CSStickyHeaderFlowLayoutAttributes.m */ = {isa = PBXFileReference; fileEncoding = 4; lastKnownFileType = sourcecode.c.objc; path = CSStickyHeaderFlowLayoutAttributes.m; sourceTree = "<group>"; };
		D78C6A4B1CF9C18900CAF770 /* LineStationsViewCell.h */ = {isa = PBXFileReference; fileEncoding = 4; lastKnownFileType = sourcecode.c.h; path = LineStationsViewCell.h; sourceTree = "<group>"; };
		D78C6A4C1CF9C18A00CAF770 /* LineStationsViewCell.m */ = {isa = PBXFileReference; fileEncoding = 4; lastKnownFileType = sourcecode.c.objc; path = LineStationsViewCell.m; sourceTree = "<group>"; };
		D78C6A4D1CF9C18A00CAF770 /* LineStationsViewCell.xib */ = {isa = PBXFileReference; fileEncoding = 4; lastKnownFileType = file.xib; path = LineStationsViewCell.xib; sourceTree = "<group>"; };
		D78C6A501CF9D33000CAF770 /* LineStationsSectionHeaderView.h */ = {isa = PBXFileReference; fileEncoding = 4; lastKnownFileType = sourcecode.c.h; path = LineStationsSectionHeaderView.h; sourceTree = "<group>"; };
		D78C6A511CF9D33000CAF770 /* LineStationsSectionHeaderView.m */ = {isa = PBXFileReference; fileEncoding = 4; lastKnownFileType = sourcecode.c.objc; path = LineStationsSectionHeaderView.m; sourceTree = "<group>"; };
		D7D8557B1CF34BFF0028B92D /* SimpleMetro.app */ = {isa = PBXFileReference; explicitFileType = wrapper.application; includeInIndex = 0; path = SimpleMetro.app; sourceTree = BUILT_PRODUCTS_DIR; };
		D7D8557F1CF34BFF0028B92D /* main.m */ = {isa = PBXFileReference; lastKnownFileType = sourcecode.c.objc; path = main.m; sourceTree = "<group>"; };
		D7D855811CF34BFF0028B92D /* AppDelegate.h */ = {isa = PBXFileReference; lastKnownFileType = sourcecode.c.h; path = AppDelegate.h; sourceTree = "<group>"; };
		D7D855821CF34BFF0028B92D /* AppDelegate.m */ = {isa = PBXFileReference; lastKnownFileType = sourcecode.c.objc; path = AppDelegate.m; sourceTree = "<group>"; };
		D7D855881CF34BFF0028B92D /* Base */ = {isa = PBXFileReference; lastKnownFileType = file.storyboard; name = Base; path = Base.lproj/Main.storyboard; sourceTree = "<group>"; };
		D7D8558A1CF34BFF0028B92D /* Assets.xcassets */ = {isa = PBXFileReference; lastKnownFileType = folder.assetcatalog; path = Assets.xcassets; sourceTree = "<group>"; };
		D7D8558D1CF34BFF0028B92D /* Base */ = {isa = PBXFileReference; lastKnownFileType = file.storyboard; name = Base; path = Base.lproj/LaunchScreen.storyboard; sourceTree = "<group>"; };
		D7D8558F1CF34BFF0028B92D /* Info.plist */ = {isa = PBXFileReference; lastKnownFileType = text.plist.xml; path = Info.plist; sourceTree = "<group>"; };
		D7D855941CF34BFF0028B92D /* SimpleMetroUITests.xctest */ = {isa = PBXFileReference; explicitFileType = wrapper.cfbundle; includeInIndex = 0; path = SimpleMetroUITests.xctest; sourceTree = BUILT_PRODUCTS_DIR; };
		D7D855981CF34BFF0028B92D /* SimpleMetroUITests.m */ = {isa = PBXFileReference; lastKnownFileType = sourcecode.c.objc; path = SimpleMetroUITests.m; sourceTree = "<group>"; };
		D7D8559A1CF34BFF0028B92D /* Info.plist */ = {isa = PBXFileReference; lastKnownFileType = text.plist.xml; path = Info.plist; sourceTree = "<group>"; };
		D7D855D41CF36FF80028B92D /* DropListView.h */ = {isa = PBXFileReference; fileEncoding = 4; lastKnownFileType = sourcecode.c.h; path = DropListView.h; sourceTree = "<group>"; };
		D7D855D51CF36FF80028B92D /* DropListView.m */ = {isa = PBXFileReference; fileEncoding = 4; lastKnownFileType = sourcecode.c.objc; path = DropListView.m; sourceTree = "<group>"; };
		D7D855D71CF36FF80028B92D /* HLLSpotlight.h */ = {isa = PBXFileReference; fileEncoding = 4; lastKnownFileType = sourcecode.c.h; path = HLLSpotlight.h; sourceTree = "<group>"; };
		D7D855D81CF36FF80028B92D /* HLLSpotlight.m */ = {isa = PBXFileReference; fileEncoding = 4; lastKnownFileType = sourcecode.c.objc; path = HLLSpotlight.m; sourceTree = "<group>"; };
		D7D855D91CF36FF80028B92D /* HLLSpotlightView.h */ = {isa = PBXFileReference; fileEncoding = 4; lastKnownFileType = sourcecode.c.h; path = HLLSpotlightView.h; sourceTree = "<group>"; };
		D7D855DA1CF36FF80028B92D /* HLLSpotlightView.m */ = {isa = PBXFileReference; fileEncoding = 4; lastKnownFileType = sourcecode.c.objc; path = HLLSpotlightView.m; sourceTree = "<group>"; };
		D7D855DB1CF36FF80028B92D /* HLLSpotlightViewController.h */ = {isa = PBXFileReference; fileEncoding = 4; lastKnownFileType = sourcecode.c.h; path = HLLSpotlightViewController.h; sourceTree = "<group>"; };
		D7D855DC1CF36FF80028B92D /* HLLSpotlightViewController.m */ = {isa = PBXFileReference; fileEncoding = 4; lastKnownFileType = sourcecode.c.objc; path = HLLSpotlightViewController.m; sourceTree = "<group>"; };
		D7D855DD1CF36FF80028B92D /* HLLTransition.h */ = {isa = PBXFileReference; fileEncoding = 4; lastKnownFileType = sourcecode.c.h; path = HLLTransition.h; sourceTree = "<group>"; };
		D7D855DE1CF36FF80028B92D /* HLLTransition.m */ = {isa = PBXFileReference; fileEncoding = 4; lastKnownFileType = sourcecode.c.objc; path = HLLTransition.m; sourceTree = "<group>"; };
		D7D855E91CF3F0C50028B92D /* RECommonFunctions.h */ = {isa = PBXFileReference; fileEncoding = 4; lastKnownFileType = sourcecode.c.h; path = RECommonFunctions.h; sourceTree = "<group>"; };
		D7D855EA1CF3F0C50028B92D /* RECommonFunctions.m */ = {isa = PBXFileReference; fileEncoding = 4; lastKnownFileType = sourcecode.c.objc; path = RECommonFunctions.m; sourceTree = "<group>"; };
		D7D855EB1CF3F0C50028B92D /* RESideMenu.h */ = {isa = PBXFileReference; fileEncoding = 4; lastKnownFileType = sourcecode.c.h; path = RESideMenu.h; sourceTree = "<group>"; };
		D7D855EC1CF3F0C50028B92D /* RESideMenu.m */ = {isa = PBXFileReference; fileEncoding = 4; lastKnownFileType = sourcecode.c.objc; path = RESideMenu.m; sourceTree = "<group>"; };
		D7D855ED1CF3F0C50028B92D /* UIViewController+RESideMenu.h */ = {isa = PBXFileReference; fileEncoding = 4; lastKnownFileType = sourcecode.c.h; path = "UIViewController+RESideMenu.h"; sourceTree = "<group>"; };
		D7D855EE1CF3F0C50028B92D /* UIViewController+RESideMenu.m */ = {isa = PBXFileReference; fileEncoding = 4; lastKnownFileType = sourcecode.c.objc; path = "UIViewController+RESideMenu.m"; sourceTree = "<group>"; };
		D7D856001CF3F6450028B92D /* UIColor+Common.h */ = {isa = PBXFileReference; fileEncoding = 4; lastKnownFileType = sourcecode.c.h; path = "UIColor+Common.h"; sourceTree = "<group>"; };
		D7D856011CF3F6450028B92D /* UIColor+Common.m */ = {isa = PBXFileReference; fileEncoding = 4; lastKnownFileType = sourcecode.c.objc; path = "UIColor+Common.m"; sourceTree = "<group>"; };
		D7D856021CF3F6450028B92D /* UIImage+Tint.h */ = {isa = PBXFileReference; fileEncoding = 4; lastKnownFileType = sourcecode.c.h; path = "UIImage+Tint.h"; sourceTree = "<group>"; };
		D7D856031CF3F6450028B92D /* UIImage+Tint.m */ = {isa = PBXFileReference; fileEncoding = 4; lastKnownFileType = sourcecode.c.objc; path = "UIImage+Tint.m"; sourceTree = "<group>"; };
		D7D856041CF3F6450028B92D /* UITableView+Line.h */ = {isa = PBXFileReference; fileEncoding = 4; lastKnownFileType = sourcecode.c.h; path = "UITableView+Line.h"; sourceTree = "<group>"; };
		D7D856051CF3F6450028B92D /* UITableView+Line.m */ = {isa = PBXFileReference; fileEncoding = 4; lastKnownFileType = sourcecode.c.objc; path = "UITableView+Line.m"; sourceTree = "<group>"; };
		D7D856061CF3F6450028B92D /* UIView+Common.h */ = {isa = PBXFileReference; fileEncoding = 4; lastKnownFileType = sourcecode.c.h; path = "UIView+Common.h"; sourceTree = "<group>"; };
		D7D856071CF3F6450028B92D /* UIView+Common.m */ = {isa = PBXFileReference; fileEncoding = 4; lastKnownFileType = sourcecode.c.objc; path = "UIView+Common.m"; sourceTree = "<group>"; };
		D7D8560D1CF3F6740028B92D /* StoryBoardUtilities.h */ = {isa = PBXFileReference; fileEncoding = 4; lastKnownFileType = sourcecode.c.h; path = StoryBoardUtilities.h; sourceTree = "<group>"; };
		D7D8560E1CF3F6740028B92D /* StoryBoardUtilities.m */ = {isa = PBXFileReference; fileEncoding = 4; lastKnownFileType = sourcecode.c.objc; path = StoryBoardUtilities.m; sourceTree = "<group>"; };
		D7D856181CF4342C0028B92D /* FAKFontAwesome.h */ = {isa = PBXFileReference; fileEncoding = 4; lastKnownFileType = sourcecode.c.h; path = FAKFontAwesome.h; sourceTree = "<group>"; };
		D7D856191CF4342C0028B92D /* FAKFontAwesome.m */ = {isa = PBXFileReference; fileEncoding = 4; lastKnownFileType = sourcecode.c.objc; path = FAKFontAwesome.m; sourceTree = "<group>"; };
		D7D8561A1CF4342C0028B92D /* FAKFoundationIcons.h */ = {isa = PBXFileReference; fileEncoding = 4; lastKnownFileType = sourcecode.c.h; path = FAKFoundationIcons.h; sourceTree = "<group>"; };
		D7D8561B1CF4342C0028B92D /* FAKFoundationIcons.m */ = {isa = PBXFileReference; fileEncoding = 4; lastKnownFileType = sourcecode.c.objc; path = FAKFoundationIcons.m; sourceTree = "<group>"; };
		D7D8561C1CF4342C0028B92D /* FAKIcon.h */ = {isa = PBXFileReference; fileEncoding = 4; lastKnownFileType = sourcecode.c.h; path = FAKIcon.h; sourceTree = "<group>"; };
		D7D8561D1CF4342C0028B92D /* FAKIcon.m */ = {isa = PBXFileReference; fileEncoding = 4; lastKnownFileType = sourcecode.c.objc; path = FAKIcon.m; sourceTree = "<group>"; };
		D7D8561E1CF4342C0028B92D /* FAKIonIcons.h */ = {isa = PBXFileReference; fileEncoding = 4; lastKnownFileType = sourcecode.c.h; path = FAKIonIcons.h; sourceTree = "<group>"; };
		D7D8561F1CF4342C0028B92D /* FAKIonIcons.m */ = {isa = PBXFileReference; fileEncoding = 4; lastKnownFileType = sourcecode.c.objc; path = FAKIonIcons.m; sourceTree = "<group>"; };
		D7D856201CF4342C0028B92D /* FAKMaterialIcons.h */ = {isa = PBXFileReference; fileEncoding = 4; lastKnownFileType = sourcecode.c.h; path = FAKMaterialIcons.h; sourceTree = "<group>"; };
		D7D856211CF4342C0028B92D /* FAKMaterialIcons.m */ = {isa = PBXFileReference; fileEncoding = 4; lastKnownFileType = sourcecode.c.objc; path = FAKMaterialIcons.m; sourceTree = "<group>"; };
		D7D856221CF4342C0028B92D /* FAKOcticons.h */ = {isa = PBXFileReference; fileEncoding = 4; lastKnownFileType = sourcecode.c.h; path = FAKOcticons.h; sourceTree = "<group>"; };
		D7D856231CF4342C0028B92D /* FAKOcticons.m */ = {isa = PBXFileReference; fileEncoding = 4; lastKnownFileType = sourcecode.c.objc; path = FAKOcticons.m; sourceTree = "<group>"; };
		D7D856241CF4342C0028B92D /* FAKZocial.h */ = {isa = PBXFileReference; fileEncoding = 4; lastKnownFileType = sourcecode.c.h; path = FAKZocial.h; sourceTree = "<group>"; };
		D7D856251CF4342C0028B92D /* FAKZocial.m */ = {isa = PBXFileReference; fileEncoding = 4; lastKnownFileType = sourcecode.c.objc; path = FAKZocial.m; sourceTree = "<group>"; };
		D7D856261CF4342C0028B92D /* FontAwesome.otf */ = {isa = PBXFileReference; lastKnownFileType = file; path = FontAwesome.otf; sourceTree = "<group>"; };
		D7D856271CF4342C0028B92D /* FontAwesomeKit.h */ = {isa = PBXFileReference; fileEncoding = 4; lastKnownFileType = sourcecode.c.h; path = FontAwesomeKit.h; sourceTree = "<group>"; };
		D7D856281CF4342C0028B92D /* foundation-icons.ttf */ = {isa = PBXFileReference; lastKnownFileType = file; path = "foundation-icons.ttf"; sourceTree = "<group>"; };
		D7D856291CF4342C0028B92D /* ionicons.ttf */ = {isa = PBXFileReference; lastKnownFileType = file; path = ionicons.ttf; sourceTree = "<group>"; };
		D7D8562A1CF4342C0028B92D /* Material-Design-Iconic-Font.ttf */ = {isa = PBXFileReference; lastKnownFileType = file; path = "Material-Design-Iconic-Font.ttf"; sourceTree = "<group>"; };
		D7D8562B1CF4342C0028B92D /* octicons.ttf */ = {isa = PBXFileReference; lastKnownFileType = file; path = octicons.ttf; sourceTree = "<group>"; };
		D7D8562C1CF4342C0028B92D /* zocial-regular-webfont.ttf */ = {isa = PBXFileReference; lastKnownFileType = file; path = "zocial-regular-webfont.ttf"; sourceTree = "<group>"; };
		D7D856451CF455080028B92D /* UIImage+Common.h */ = {isa = PBXFileReference; fileEncoding = 4; lastKnownFileType = sourcecode.c.h; path = "UIImage+Common.h"; sourceTree = "<group>"; };
		D7D856461CF455080028B92D /* UIImage+Common.m */ = {isa = PBXFileReference; fileEncoding = 4; lastKnownFileType = sourcecode.c.objc; path = "UIImage+Common.m"; sourceTree = "<group>"; };
		D7D856551CF53E540028B92D /* StoryBoardIdHeader.h */ = {isa = PBXFileReference; lastKnownFileType = sourcecode.c.h; path = StoryBoardIdHeader.h; sourceTree = "<group>"; };
		D7D8565D1CF545B60028B92D /* Base */ = {isa = PBXFileReference; lastKnownFileType = file.storyboard; name = Base; path = Base.lproj/AroundService.storyboard; sourceTree = "<group>"; };
		D7D8565F1CF546CA0028B92D /* MetroInfo.storyboard */ = {isa = PBXFileReference; fileEncoding = 4; lastKnownFileType = file.storyboard; path = MetroInfo.storyboard; sourceTree = "<group>"; };
		D7D856651CF56E6B0028B92D /* DataSourceProtocol.h */ = {isa = PBXFileReference; fileEncoding = 4; lastKnownFileType = sourcecode.c.h; path = DataSourceProtocol.h; sourceTree = "<group>"; };
		D7D856661CF56E6B0028B92D /* LeftMenuDataSource.h */ = {isa = PBXFileReference; fileEncoding = 4; lastKnownFileType = sourcecode.c.h; path = LeftMenuDataSource.h; sourceTree = "<group>"; };
		D7D856681CF56E6B0028B92D /* MetroLineInfoDataSource_Plist.h */ = {isa = PBXFileReference; fileEncoding = 4; lastKnownFileType = sourcecode.c.h; path = MetroLineInfoDataSource_Plist.h; sourceTree = "<group>"; };
		D7D856691CF56E6B0028B92D /* MetroLineInfoDataSource_Plist.m */ = {isa = PBXFileReference; fileEncoding = 4; lastKnownFileType = sourcecode.c.objc; path = MetroLineInfoDataSource_Plist.m; sourceTree = "<group>"; };
		D7D8566A1CF56E6B0028B92D /* StationInfoDataSource.h */ = {isa = PBXFileReference; fileEncoding = 4; lastKnownFileType = sourcecode.c.h; path = StationInfoDataSource.h; sourceTree = "<group>"; };
		D7D8566B1CF56E6B0028B92D /* StationInfoDataSource.m */ = {isa = PBXFileReference; fileEncoding = 4; lastKnownFileType = sourcecode.c.objc; path = StationInfoDataSource.m; sourceTree = "<group>"; };
		D7D8566D1CF56E6B0028B92D /* LeftMenuCell.h */ = {isa = PBXFileReference; fileEncoding = 4; lastKnownFileType = sourcecode.c.h; path = LeftMenuCell.h; sourceTree = "<group>"; };
		D7D8566E1CF56E6B0028B92D /* LeftMenuCell.m */ = {isa = PBXFileReference; fileEncoding = 4; lastKnownFileType = sourcecode.c.objc; path = LeftMenuCell.m; sourceTree = "<group>"; };
		D7D8566F1CF56E6B0028B92D /* LeftMenuCell.xib */ = {isa = PBXFileReference; fileEncoding = 4; lastKnownFileType = file.xib; path = LeftMenuCell.xib; sourceTree = "<group>"; };
		D7D856701CF56E6B0028B92D /* LeftMenuSectionHeaderView.h */ = {isa = PBXFileReference; fileEncoding = 4; lastKnownFileType = sourcecode.c.h; path = LeftMenuSectionHeaderView.h; sourceTree = "<group>"; };
		D7D856711CF56E6B0028B92D /* LeftMenuSectionHeaderView.m */ = {isa = PBXFileReference; fileEncoding = 4; lastKnownFileType = sourcecode.c.objc; path = LeftMenuSectionHeaderView.m; sourceTree = "<group>"; };
		D7D856721CF56E6B0028B92D /* LeftMenuSectionHeaderView.xib */ = {isa = PBXFileReference; fileEncoding = 4; lastKnownFileType = file.xib; path = LeftMenuSectionHeaderView.xib; sourceTree = "<group>"; };
		D7D856731CF56E6B0028B92D /* LeftMenuSelectedBackgroundView.xib */ = {isa = PBXFileReference; fileEncoding = 4; lastKnownFileType = file.xib; path = LeftMenuSelectedBackgroundView.xib; sourceTree = "<group>"; };
		D7D856741CF56E6B0028B92D /* LineStationCell.h */ = {isa = PBXFileReference; fileEncoding = 4; lastKnownFileType = sourcecode.c.h; path = LineStationCell.h; sourceTree = "<group>"; };
		D7D856751CF56E6B0028B92D /* LineStationCell.m */ = {isa = PBXFileReference; fileEncoding = 4; lastKnownFileType = sourcecode.c.objc; path = LineStationCell.m; sourceTree = "<group>"; };
		D7D856761CF56E6B0028B92D /* LineStationCell.xib */ = {isa = PBXFileReference; fileEncoding = 4; lastKnownFileType = file.xib; path = LineStationCell.xib; sourceTree = "<group>"; };
		D7D856821CF56EE60028B92D /* BaseViewController.h */ = {isa = PBXFileReference; fileEncoding = 4; lastKnownFileType = sourcecode.c.h; path = BaseViewController.h; sourceTree = "<group>"; };
		D7D856831CF56EE60028B92D /* BaseViewController.m */ = {isa = PBXFileReference; fileEncoding = 4; lastKnownFileType = sourcecode.c.objc; path = BaseViewController.m; sourceTree = "<group>"; };
		D7D856851CF56EE60028B92D /* GuideViewController.h */ = {isa = PBXFileReference; fileEncoding = 4; lastKnownFileType = sourcecode.c.h; path = GuideViewController.h; sourceTree = "<group>"; };
		D7D856861CF56EE60028B92D /* GuideViewController.m */ = {isa = PBXFileReference; fileEncoding = 4; lastKnownFileType = sourcecode.c.objc; path = GuideViewController.m; sourceTree = "<group>"; };
		D7D856881CF56EE60028B92D /* AboutMeViewController.h */ = {isa = PBXFileReference; fileEncoding = 4; lastKnownFileType = sourcecode.c.h; path = AboutMeViewController.h; sourceTree = "<group>"; };
		D7D856891CF56EE60028B92D /* AboutMeViewController.m */ = {isa = PBXFileReference; fileEncoding = 4; lastKnownFileType = sourcecode.c.objc; path = AboutMeViewController.m; sourceTree = "<group>"; };
		D7D8568A1CF56EE60028B92D /* OpenSourceViewController.h */ = {isa = PBXFileReference; fileEncoding = 4; lastKnownFileType = sourcecode.c.h; path = OpenSourceViewController.h; sourceTree = "<group>"; };
		D7D8568B1CF56EE60028B92D /* OpenSourceViewController.m */ = {isa = PBXFileReference; fileEncoding = 4; lastKnownFileType = sourcecode.c.objc; path = OpenSourceViewController.m; sourceTree = "<group>"; };
		D7D8568D1CF56EE60028B92D /* AboutMetroViewController.h */ = {isa = PBXFileReference; fileEncoding = 4; lastKnownFileType = sourcecode.c.h; path = AboutMetroViewController.h; sourceTree = "<group>"; };
		D7D8568E1CF56EE60028B92D /* AboutMetroViewController.m */ = {isa = PBXFileReference; fileEncoding = 4; lastKnownFileType = sourcecode.c.objc; path = AboutMetroViewController.m; sourceTree = "<group>"; };
		D7D8568F1CF56EE60028B92D /* AroundServiceViewContrller.h */ = {isa = PBXFileReference; fileEncoding = 4; lastKnownFileType = sourcecode.c.h; path = AroundServiceViewContrller.h; sourceTree = "<group>"; };
		D7D856901CF56EE60028B92D /* AroundServiceViewContrller.m */ = {isa = PBXFileReference; fileEncoding = 4; lastKnownFileType = sourcecode.c.objc; path = AroundServiceViewContrller.m; sourceTree = "<group>"; };
		D7D856911CF56EE60028B92D /* StationInfoController.h */ = {isa = PBXFileReference; fileEncoding = 4; lastKnownFileType = sourcecode.c.h; path = StationInfoController.h; sourceTree = "<group>"; };
		D7D856921CF56EE60028B92D /* StationInfoController.m */ = {isa = PBXFileReference; fileEncoding = 4; lastKnownFileType = sourcecode.c.objc; path = StationInfoController.m; sourceTree = "<group>"; };
		D7D856931CF56EE60028B92D /* ViewController.h */ = {isa = PBXFileReference; fileEncoding = 4; lastKnownFileType = sourcecode.c.h; path = ViewController.h; sourceTree = "<group>"; };
		D7D856941CF56EE60028B92D /* ViewController.m */ = {isa = PBXFileReference; fileEncoding = 4; lastKnownFileType = sourcecode.c.objc; path = ViewController.m; sourceTree = "<group>"; };
		D7D856951CF56EE60028B92D /* LeftMenuViewController.h */ = {isa = PBXFileReference; fileEncoding = 4; lastKnownFileType = sourcecode.c.h; path = LeftMenuViewController.h; sourceTree = "<group>"; };
		D7D856961CF56EE60028B92D /* LeftMenuViewController.m */ = {isa = PBXFileReference; fileEncoding = 4; lastKnownFileType = sourcecode.c.objc; path = LeftMenuViewController.m; sourceTree = "<group>"; };
		D7D856A31CF56F590028B92D /* cocoapods.png */ = {isa = PBXFileReference; lastKnownFileType = image.png; path = cocoapods.png; sourceTree = "<group>"; };
		D7D856A41CF56F590028B92D /* credits.html */ = {isa = PBXFileReference; fileEncoding = 4; lastKnownFileType = text.html; path = credits.html; sourceTree = "<group>"; };
		D7D856A61CF56F590028B92D /* style.css */ = {isa = PBXFileReference; fileEncoding = 4; lastKnownFileType = text.css; path = style.css; sourceTree = "<group>"; };
		D7D856AC1CF57A410028B92D /* metroline.plist */ = {isa = PBXFileReference; lastKnownFileType = file.bplist; path = metroline.plist; sourceTree = "<group>"; };
		D7D856AE1CF59E690028B92D /* CoreLocation.framework */ = {isa = PBXFileReference; lastKnownFileType = wrapper.framework; name = CoreLocation.framework; path = System/Library/Frameworks/CoreLocation.framework; sourceTree = SDKROOT; };
		D7D856B01CF59E910028B92D /* QuartzCore.framework */ = {isa = PBXFileReference; lastKnownFileType = wrapper.framework; name = QuartzCore.framework; path = System/Library/Frameworks/QuartzCore.framework; sourceTree = SDKROOT; };
		D7D856B21CF59E980028B92D /* OpenGLES.framework */ = {isa = PBXFileReference; lastKnownFileType = wrapper.framework; name = OpenGLES.framework; path = System/Library/Frameworks/OpenGLES.framework; sourceTree = SDKROOT; };
		D7D856B41CF59EA50028B92D /* SystemConfiguration.framework */ = {isa = PBXFileReference; lastKnownFileType = wrapper.framework; name = SystemConfiguration.framework; path = System/Library/Frameworks/SystemConfiguration.framework; sourceTree = SDKROOT; };
		D7D856B61CF59EAE0028B92D /* CoreTelephony.framework */ = {isa = PBXFileReference; lastKnownFileType = wrapper.framework; name = CoreTelephony.framework; path = System/Library/Frameworks/CoreTelephony.framework; sourceTree = SDKROOT; };
		D7D856B81CF59EB50028B92D /* Security.framework */ = {isa = PBXFileReference; lastKnownFileType = wrapper.framework; name = Security.framework; path = System/Library/Frameworks/Security.framework; sourceTree = SDKROOT; };
		D7D856BA1CF59EC00028B92D /* libsqlite3.0.tbd */ = {isa = PBXFileReference; lastKnownFileType = "sourcecode.text-based-dylib-definition"; name = libsqlite3.0.tbd; path = usr/lib/libsqlite3.0.tbd; sourceTree = SDKROOT; };
		D7D856BC1CF59ED20028B92D /* CoreGraphics.framework */ = {isa = PBXFileReference; lastKnownFileType = wrapper.framework; name = CoreGraphics.framework; path = System/Library/Frameworks/CoreGraphics.framework; sourceTree = SDKROOT; };
		D7D856BE1CF59EE00028B92D /* libstdc++.6.0.9.tbd */ = {isa = PBXFileReference; lastKnownFileType = "sourcecode.text-based-dylib-definition"; name = "libstdc++.6.0.9.tbd"; path = "usr/lib/libstdc++.6.0.9.tbd"; sourceTree = SDKROOT; };
		D7D856C11CF59F490028B92D /* LeftMenuDataSource.m */ = {isa = PBXFileReference; fileEncoding = 4; lastKnownFileType = sourcecode.c.objc; path = LeftMenuDataSource.m; sourceTree = "<group>"; };
/* End PBXFileReference section */

/* Begin PBXFrameworksBuildPhase section */
		D7D855781CF34BFF0028B92D /* Frameworks */ = {
			isa = PBXFrameworksBuildPhase;
			buildActionMask = 2147483647;
			files = (
				D70C3EA11CF76C4700B7BAB5 /* BaiduMapAPI_Map.framework in Frameworks */,
				D7D856BF1CF59EE00028B92D /* libstdc++.6.0.9.tbd in Frameworks */,
				D7D856BD1CF59ED20028B92D /* CoreGraphics.framework in Frameworks */,
				D7D856BB1CF59EC00028B92D /* libsqlite3.0.tbd in Frameworks */,
				D7D856B91CF59EB50028B92D /* Security.framework in Frameworks */,
				D7D856B71CF59EAF0028B92D /* CoreTelephony.framework in Frameworks */,
				D70C3EA21CF76C4700B7BAB5 /* BaiduMapAPI_Search.framework in Frameworks */,
				D70C3E9E1CF76C4700B7BAB5 /* BaiduMapAPI_Base.framework in Frameworks */,
				D7D856B51CF59EA50028B92D /* SystemConfiguration.framework in Frameworks */,
				D70C3EA01CF76C4700B7BAB5 /* BaiduMapAPI_Location.framework in Frameworks */,
				D7D856B31CF59E980028B92D /* OpenGLES.framework in Frameworks */,
				D7D856B11CF59E910028B92D /* QuartzCore.framework in Frameworks */,
				D7D856AF1CF59E690028B92D /* CoreLocation.framework in Frameworks */,
				D70C3E9F1CF76C4700B7BAB5 /* BaiduMapAPI_Cloud.framework in Frameworks */,
			);
			runOnlyForDeploymentPostprocessing = 0;
		};
		D7D855911CF34BFF0028B92D /* Frameworks */ = {
			isa = PBXFrameworksBuildPhase;
			buildActionMask = 2147483647;
			files = (
			);
			runOnlyForDeploymentPostprocessing = 0;
		};
/* End PBXFrameworksBuildPhase section */

/* Begin PBXGroup section */
		D70C3E981CF76C4700B7BAB5 /* BaiduSDK */ = {
			isa = PBXGroup;
			children = (
				D70C3E991CF76C4700B7BAB5 /* BaiduMapAPI_Base.framework */,
				D70C3E9A1CF76C4700B7BAB5 /* BaiduMapAPI_Cloud.framework */,
				D70C3E9B1CF76C4700B7BAB5 /* BaiduMapAPI_Location.framework */,
				D70C3E9C1CF76C4700B7BAB5 /* BaiduMapAPI_Map.framework */,
				D70C3E9D1CF76C4700B7BAB5 /* BaiduMapAPI_Search.framework */,
			);
			path = BaiduSDK;
			sourceTree = "<group>";
		};
		D70C3EDA1CF7F56D00B7BAB5 /* Define */ = {
			isa = PBXGroup;
			children = (
				D70C3EDB1CF7F58700B7BAB5 /* LogDefine.h */,
			);
			path = Define;
			sourceTree = "<group>";
		};
		D70C3EEC1CF98A2300B7BAB5 /* BaiduSDKHelper */ = {
			isa = PBXGroup;
			children = (
				D70C3EF11CF98A2300B7BAB5 /* BaiduSDKSearchProtocol.h */,
				D70C3EED1CF98A2300B7BAB5 /* BaiduSDKMetroLineSearch.h */,
				D70C3EEE1CF98A2300B7BAB5 /* BaiduSDKMetroLineSearch.m */,
				D70C3EEF1CF98A2300B7BAB5 /* BaiduSDKMetroStationAroundBusLineSearch.h */,
				D70C3EF01CF98A2300B7BAB5 /* BaiduSDKMetroStationAroundBusLineSearch.m */,
			);
			path = BaiduSDKHelper;
			sourceTree = "<group>";
		};
		D77DCA3B1CF6933C002249CC /* BlurActionSheetView */ = {
			isa = PBXGroup;
			children = (
				D77DCA3C1CF6933C002249CC /* BlurActionSheetView.h */,
				D77DCA3D1CF6933C002249CC /* BlurActionSheetView.m */,
			);
			path = BlurActionSheetView;
			sourceTree = "<group>";
		};
		D77DCA3F1CF6E0AD002249CC /* PullToRefreshView */ = {
			isa = PBXGroup;
			children = (
				D77DCA401CF6E0AD002249CC /* HLLPullToRefreshView.h */,
				D77DCA411CF6E0AD002249CC /* HLLPullToRefreshView.m */,
			);
			path = PullToRefreshView;
			sourceTree = "<group>";
		};
		D77DCA4E1CF73E3A002249CC /* Model */ = {
			isa = PBXGroup;
			children = (
				D77DCA4F1CF73E6D002249CC /* MetroLineStationInfoHelper.h */,
				D77DCA501CF73E6D002249CC /* MetroLineStationInfoHelper.m */,
				D70C3EEC1CF98A2300B7BAB5 /* BaiduSDKHelper */,
			);
			path = Model;
			sourceTree = "<group>";
		};
		D78C6A441CF9BED400CAF770 /* CSStickyHeaderFlowLayout */ = {
			isa = PBXGroup;
			children = (
				D78C6A451CF9BED400CAF770 /* CSStickyHeaderFlowLayout.h */,
				D78C6A461CF9BED400CAF770 /* CSStickyHeaderFlowLayout.m */,
				D78C6A471CF9BED400CAF770 /* CSStickyHeaderFlowLayoutAttributes.h */,
				D78C6A481CF9BED400CAF770 /* CSStickyHeaderFlowLayoutAttributes.m */,
			);
			path = CSStickyHeaderFlowLayout;
			sourceTree = "<group>";
		};
		D78C6A531CF9E58C00CAF770 /* tableViewCell */ = {
			isa = PBXGroup;
			children = (
				D7D8566D1CF56E6B0028B92D /* LeftMenuCell.h */,
				D7D8566E1CF56E6B0028B92D /* LeftMenuCell.m */,
				D7D8566F1CF56E6B0028B92D /* LeftMenuCell.xib */,
				D7D856741CF56E6B0028B92D /* LineStationCell.h */,
				D7D856751CF56E6B0028B92D /* LineStationCell.m */,
				D7D856761CF56E6B0028B92D /* LineStationCell.xib */,
			);
			name = tableViewCell;
			sourceTree = "<group>";
		};
		D78C6A541CF9E5A900CAF770 /* collectionViewCell */ = {
			isa = PBXGroup;
			children = (
				D78C6A4B1CF9C18900CAF770 /* LineStationsViewCell.h */,
				D78C6A4C1CF9C18A00CAF770 /* LineStationsViewCell.m */,
				D78C6A4D1CF9C18A00CAF770 /* LineStationsViewCell.xib */,
				D78C6A501CF9D33000CAF770 /* LineStationsSectionHeaderView.h */,
				D78C6A511CF9D33000CAF770 /* LineStationsSectionHeaderView.m */,
				D78C6A3F1CF99CA900CAF770 /* LineStationsCell.h */,
				D78C6A401CF99CA900CAF770 /* LineStationsCell.m */,
				D78C6A411CF99CA900CAF770 /* LineStationsCell.xib */,
			);
			name = collectionViewCell;
			sourceTree = "<group>";
		};
		D7D855721CF34BFF0028B92D = {
			isa = PBXGroup;
			children = (
				D7D856C01CF59EF50028B92D /* Lib */,
				D7D8557D1CF34BFF0028B92D /* SimpleMetro */,
				D7D855971CF34BFF0028B92D /* SimpleMetroUITests */,
				D7D8557C1CF34BFF0028B92D /* Products */,
			);
			sourceTree = "<group>";
		};
		D7D8557C1CF34BFF0028B92D /* Products */ = {
			isa = PBXGroup;
			children = (
				D7D8557B1CF34BFF0028B92D /* SimpleMetro.app */,
				D7D855941CF34BFF0028B92D /* SimpleMetroUITests.xctest */,
			);
			name = Products;
			sourceTree = "<group>";
		};
		D7D8557D1CF34BFF0028B92D /* SimpleMetro */ = {
			isa = PBXGroup;
			children = (
				D7D855811CF34BFF0028B92D /* AppDelegate.h */,
				D7D855821CF34BFF0028B92D /* AppDelegate.m */,
				D7D855871CF34BFF0028B92D /* Main.storyboard */,
				D7D8565F1CF546CA0028B92D /* MetroInfo.storyboard */,
				D7D8565C1CF545B60028B92D /* AroundService.storyboard */,
				D7D856811CF56EE60028B92D /* Controller */,
				D7D8566C1CF56E6B0028B92D /* View */,
				D77DCA4E1CF73E3A002249CC /* Model */,
				D7D856641CF56E6B0028B92D /* DataSource */,
				D7D855D21CF36FF80028B92D /* CustomUI */,
				D7D855FE1CF3F6450028B92D /* Utilities */,
				D7D855E71CF3F0C50028B92D /* Thrid */,
				D7D856A01CF56F590028B92D /* Source */,
				D70C3EDA1CF7F56D00B7BAB5 /* Define */,
				D7D8558A1CF34BFF0028B92D /* Assets.xcassets */,
				D7D8558C1CF34BFF0028B92D /* LaunchScreen.storyboard */,
				D7D8558F1CF34BFF0028B92D /* Info.plist */,
				D70C3EDC1CF7F63600B7BAB5 /* SimpleMetro.pch */,
				D7D8557E1CF34BFF0028B92D /* Supporting Files */,
			);
			path = SimpleMetro;
			sourceTree = "<group>";
		};
		D7D8557E1CF34BFF0028B92D /* Supporting Files */ = {
			isa = PBXGroup;
			children = (
				D7D8557F1CF34BFF0028B92D /* main.m */,
			);
			name = "Supporting Files";
			sourceTree = "<group>";
		};
		D7D855971CF34BFF0028B92D /* SimpleMetroUITests */ = {
			isa = PBXGroup;
			children = (
				D7D855981CF34BFF0028B92D /* SimpleMetroUITests.m */,
				D7D8559A1CF34BFF0028B92D /* Info.plist */,
			);
			path = SimpleMetroUITests;
			sourceTree = "<group>";
		};
		D7D855D21CF36FF80028B92D /* CustomUI */ = {
			isa = PBXGroup;
			children = (
				D77DCA3F1CF6E0AD002249CC /* PullToRefreshView */,
				D77DCA3B1CF6933C002249CC /* BlurActionSheetView */,
				D7D855D31CF36FF80028B92D /* DropListView */,
				D7D855D61CF36FF80028B92D /* Spotligh */,
			);
			path = CustomUI;
			sourceTree = "<group>";
		};
		D7D855D31CF36FF80028B92D /* DropListView */ = {
			isa = PBXGroup;
			children = (
				D7D855D41CF36FF80028B92D /* DropListView.h */,
				D7D855D51CF36FF80028B92D /* DropListView.m */,
			);
			path = DropListView;
			sourceTree = "<group>";
		};
		D7D855D61CF36FF80028B92D /* Spotligh */ = {
			isa = PBXGroup;
			children = (
				D7D855D71CF36FF80028B92D /* HLLSpotlight.h */,
				D7D855D81CF36FF80028B92D /* HLLSpotlight.m */,
				D7D855D91CF36FF80028B92D /* HLLSpotlightView.h */,
				D7D855DA1CF36FF80028B92D /* HLLSpotlightView.m */,
				D7D855DB1CF36FF80028B92D /* HLLSpotlightViewController.h */,
				D7D855DC1CF36FF80028B92D /* HLLSpotlightViewController.m */,
				D7D855DD1CF36FF80028B92D /* HLLTransition.h */,
				D7D855DE1CF36FF80028B92D /* HLLTransition.m */,
			);
			path = Spotligh;
			sourceTree = "<group>";
		};
		D7D855E71CF3F0C50028B92D /* Thrid */ = {
			isa = PBXGroup;
			children = (
				D70C3E981CF76C4700B7BAB5 /* BaiduSDK */,
				D78C6A441CF9BED400CAF770 /* CSStickyHeaderFlowLayout */,
				D7D856171CF4342C0028B92D /* FontAwesomeKit */,
				D7D855E81CF3F0C50028B92D /* RESideMenu */,
			);
			path = Thrid;
			sourceTree = "<group>";
		};
		D7D855E81CF3F0C50028B92D /* RESideMenu */ = {
			isa = PBXGroup;
			children = (
				D7D855E91CF3F0C50028B92D /* RECommonFunctions.h */,
				D7D855EA1CF3F0C50028B92D /* RECommonFunctions.m */,
				D7D855EB1CF3F0C50028B92D /* RESideMenu.h */,
				D7D855EC1CF3F0C50028B92D /* RESideMenu.m */,
				D7D855ED1CF3F0C50028B92D /* UIViewController+RESideMenu.h */,
				D7D855EE1CF3F0C50028B92D /* UIViewController+RESideMenu.m */,
			);
			path = RESideMenu;
			sourceTree = "<group>";
		};
		D7D855FE1CF3F6450028B92D /* Utilities */ = {
			isa = PBXGroup;
			children = (
				D7D856551CF53E540028B92D /* StoryBoardIdHeader.h */,
				D7D8560C1CF3F6670028B92D /* Utils */,
				D7D855FF1CF3F6450028B92D /* Category */,
			);
			path = Utilities;
			sourceTree = "<group>";
		};
		D7D855FF1CF3F6450028B92D /* Category */ = {
			isa = PBXGroup;
			children = (
				D7D856451CF455080028B92D /* UIImage+Common.h */,
				D7D856461CF455080028B92D /* UIImage+Common.m */,
				D7D856001CF3F6450028B92D /* UIColor+Common.h */,
				D7D856011CF3F6450028B92D /* UIColor+Common.m */,
				D7D856021CF3F6450028B92D /* UIImage+Tint.h */,
				D7D856031CF3F6450028B92D /* UIImage+Tint.m */,
				D7D856041CF3F6450028B92D /* UITableView+Line.h */,
				D7D856051CF3F6450028B92D /* UITableView+Line.m */,
				D7D856061CF3F6450028B92D /* UIView+Common.h */,
				D7D856071CF3F6450028B92D /* UIView+Common.m */,
			);
			path = Category;
			sourceTree = "<group>";
		};
		D7D8560C1CF3F6670028B92D /* Utils */ = {
			isa = PBXGroup;
			children = (
				D7D8560D1CF3F6740028B92D /* StoryBoardUtilities.h */,
				D7D8560E1CF3F6740028B92D /* StoryBoardUtilities.m */,
			);
			path = Utils;
			sourceTree = "<group>";
		};
		D7D856171CF4342C0028B92D /* FontAwesomeKit */ = {
			isa = PBXGroup;
			children = (
				D7D856181CF4342C0028B92D /* FAKFontAwesome.h */,
				D7D856191CF4342C0028B92D /* FAKFontAwesome.m */,
				D7D8561A1CF4342C0028B92D /* FAKFoundationIcons.h */,
				D7D8561B1CF4342C0028B92D /* FAKFoundationIcons.m */,
				D7D8561C1CF4342C0028B92D /* FAKIcon.h */,
				D7D8561D1CF4342C0028B92D /* FAKIcon.m */,
				D7D8561E1CF4342C0028B92D /* FAKIonIcons.h */,
				D7D8561F1CF4342C0028B92D /* FAKIonIcons.m */,
				D7D856201CF4342C0028B92D /* FAKMaterialIcons.h */,
				D7D856211CF4342C0028B92D /* FAKMaterialIcons.m */,
				D7D856221CF4342C0028B92D /* FAKOcticons.h */,
				D7D856231CF4342C0028B92D /* FAKOcticons.m */,
				D7D856241CF4342C0028B92D /* FAKZocial.h */,
				D7D856251CF4342C0028B92D /* FAKZocial.m */,
				D7D856261CF4342C0028B92D /* FontAwesome.otf */,
				D7D856271CF4342C0028B92D /* FontAwesomeKit.h */,
				D7D856281CF4342C0028B92D /* foundation-icons.ttf */,
				D7D856291CF4342C0028B92D /* ionicons.ttf */,
				D7D8562A1CF4342C0028B92D /* Material-Design-Iconic-Font.ttf */,
				D7D8562B1CF4342C0028B92D /* octicons.ttf */,
				D7D8562C1CF4342C0028B92D /* zocial-regular-webfont.ttf */,
			);
			path = FontAwesomeKit;
			sourceTree = "<group>";
		};
		D7D856641CF56E6B0028B92D /* DataSource */ = {
			isa = PBXGroup;
			children = (
				D7D856651CF56E6B0028B92D /* DataSourceProtocol.h */,
				D7D856661CF56E6B0028B92D /* LeftMenuDataSource.h */,
				D7D856C11CF59F490028B92D /* LeftMenuDataSource.m */,
				D78C6A391CF9922200CAF770 /* MetroLineInfoDataSourceAdapter.h */,
				D78C6A3A1CF9922200CAF770 /* MetroLineInfoDataSourceAdapter.m */,
				D7D856681CF56E6B0028B92D /* MetroLineInfoDataSource_Plist.h */,
				D7D856691CF56E6B0028B92D /* MetroLineInfoDataSource_Plist.m */,
				D78C6A361CF98FC900CAF770 /* MetroLineInfoDataSource_BaiduSDK.h */,
				D78C6A371CF98FC900CAF770 /* MetroLineInfoDataSource_BaiduSDK.m */,
				D7D8566A1CF56E6B0028B92D /* StationInfoDataSource.h */,
				D7D8566B1CF56E6B0028B92D /* StationInfoDataSource.m */,
			);
			path = DataSource;
			sourceTree = "<group>";
		};
		D7D8566C1CF56E6B0028B92D /* View */ = {
			isa = PBXGroup;
			children = (
				D78C6A541CF9E5A900CAF770 /* collectionViewCell */,
				D78C6A531CF9E58C00CAF770 /* tableViewCell */,
				D7D856701CF56E6B0028B92D /* LeftMenuSectionHeaderView.h */,
				D7D856711CF56E6B0028B92D /* LeftMenuSectionHeaderView.m */,
				D7D856721CF56E6B0028B92D /* LeftMenuSectionHeaderView.xib */,
				D7D856731CF56E6B0028B92D /* LeftMenuSelectedBackgroundView.xib */,
				D77DCA521CF7443F002249CC /* BlurEffectView.h */,
				D77DCA531CF7443F002249CC /* BlurEffectView.m */,
				D77DCA551CF75966002249CC /* LineStationBaseInfoView.h */,
				D77DCA561CF75966002249CC /* LineStationBaseInfoView.m */,
				D70C3EE71CF95BC700B7BAB5 /* MetroLineTitleView.h */,
				D70C3EE81CF95BC700B7BAB5 /* MetroLineTitleView.m */,
				D70C3EEA1CF95BD000B7BAB5 /* MetroLineTitleView.xib */,
			);
			path = View;
			sourceTree = "<group>";
		};
		D7D856811CF56EE60028B92D /* Controller */ = {
			isa = PBXGroup;
			children = (
				D7D856821CF56EE60028B92D /* BaseViewController.h */,
				D7D856831CF56EE60028B92D /* BaseViewController.m */,
				D7D856951CF56EE60028B92D /* LeftMenuViewController.h */,
				D7D856961CF56EE60028B92D /* LeftMenuViewController.m */,
				D7D856841CF56EE60028B92D /* Guide */,
				D7D8568C1CF56EE60028B92D /* LBS */,
				D7D856871CF56EE60028B92D /* Info */,
			);
			path = Controller;
			sourceTree = "<group>";
		};
		D7D856841CF56EE60028B92D /* Guide */ = {
			isa = PBXGroup;
			children = (
				D7D856851CF56EE60028B92D /* GuideViewController.h */,
				D7D856861CF56EE60028B92D /* GuideViewController.m */,
			);
			path = Guide;
			sourceTree = "<group>";
		};
		D7D856871CF56EE60028B92D /* Info */ = {
			isa = PBXGroup;
			children = (
				D7D856881CF56EE60028B92D /* AboutMeViewController.h */,
				D7D856891CF56EE60028B92D /* AboutMeViewController.m */,
				D7D8568A1CF56EE60028B92D /* OpenSourceViewController.h */,
				D7D8568B1CF56EE60028B92D /* OpenSourceViewController.m */,
			);
			path = Info;
			sourceTree = "<group>";
		};
		D7D8568C1CF56EE60028B92D /* LBS */ = {
			isa = PBXGroup;
			children = (
				D7D856931CF56EE60028B92D /* ViewController.h */,
				D7D856941CF56EE60028B92D /* ViewController.m */,
				D7D856911CF56EE60028B92D /* StationInfoController.h */,
				D7D856921CF56EE60028B92D /* StationInfoController.m */,
				D7D8568D1CF56EE60028B92D /* AboutMetroViewController.h */,
				D7D8568E1CF56EE60028B92D /* AboutMetroViewController.m */,
				D7D8568F1CF56EE60028B92D /* AroundServiceViewContrller.h */,
				D7D856901CF56EE60028B92D /* AroundServiceViewContrller.m */,
			);
			path = LBS;
			sourceTree = "<group>";
		};
		D7D856A01CF56F590028B92D /* Source */ = {
			isa = PBXGroup;
			children = (
				D7D856AC1CF57A410028B92D /* metroline.plist */,
				D7D856A11CF56F590028B92D /* OpenSource */,
			);
			path = Source;
			sourceTree = "<group>";
		};
		D7D856A11CF56F590028B92D /* OpenSource */ = {
			isa = PBXGroup;
			children = (
				D7D856A31CF56F590028B92D /* cocoapods.png */,
				D7D856A41CF56F590028B92D /* credits.html */,
				D7D856A61CF56F590028B92D /* style.css */,
			);
			path = OpenSource;
			sourceTree = "<group>";
		};
		D7D856C01CF59EF50028B92D /* Lib */ = {
			isa = PBXGroup;
			children = (
				D7D856BE1CF59EE00028B92D /* libstdc++.6.0.9.tbd */,
				D7D856BC1CF59ED20028B92D /* CoreGraphics.framework */,
				D7D856BA1CF59EC00028B92D /* libsqlite3.0.tbd */,
				D7D856B81CF59EB50028B92D /* Security.framework */,
				D7D856B61CF59EAE0028B92D /* CoreTelephony.framework */,
				D7D856B41CF59EA50028B92D /* SystemConfiguration.framework */,
				D7D856B21CF59E980028B92D /* OpenGLES.framework */,
				D7D856B01CF59E910028B92D /* QuartzCore.framework */,
				D7D856AE1CF59E690028B92D /* CoreLocation.framework */,
			);
			name = Lib;
			sourceTree = "<group>";
		};
/* End PBXGroup section */

/* Begin PBXNativeTarget section */
		D7D8557A1CF34BFF0028B92D /* SimpleMetro */ = {
			isa = PBXNativeTarget;
			buildConfigurationList = D7D8559D1CF34BFF0028B92D /* Build configuration list for PBXNativeTarget "SimpleMetro" */;
			buildPhases = (
				D7D855771CF34BFF0028B92D /* Sources */,
				D7D855781CF34BFF0028B92D /* Frameworks */,
				D7D855791CF34BFF0028B92D /* Resources */,
			);
			buildRules = (
			);
			dependencies = (
			);
			name = SimpleMetro;
			productName = SimpleMetro;
			productReference = D7D8557B1CF34BFF0028B92D /* SimpleMetro.app */;
			productType = "com.apple.product-type.application";
		};
		D7D855931CF34BFF0028B92D /* SimpleMetroUITests */ = {
			isa = PBXNativeTarget;
			buildConfigurationList = D7D855A01CF34BFF0028B92D /* Build configuration list for PBXNativeTarget "SimpleMetroUITests" */;
			buildPhases = (
				D7D855901CF34BFF0028B92D /* Sources */,
				D7D855911CF34BFF0028B92D /* Frameworks */,
				D7D855921CF34BFF0028B92D /* Resources */,
			);
			buildRules = (
			);
			dependencies = (
				D7D855961CF34BFF0028B92D /* PBXTargetDependency */,
			);
			name = SimpleMetroUITests;
			productName = SimpleMetroUITests;
			productReference = D7D855941CF34BFF0028B92D /* SimpleMetroUITests.xctest */;
			productType = "com.apple.product-type.bundle.ui-testing";
		};
/* End PBXNativeTarget section */

/* Begin PBXProject section */
		D7D855731CF34BFF0028B92D /* Project object */ = {
			isa = PBXProject;
			attributes = {
				LastUpgradeCheck = 0730;
				ORGANIZATIONNAME = "Rocky Young";
				TargetAttributes = {
					D7D8557A1CF34BFF0028B92D = {
						CreatedOnToolsVersion = 7.3;
					};
					D7D855931CF34BFF0028B92D = {
						CreatedOnToolsVersion = 7.3;
						TestTargetID = D7D8557A1CF34BFF0028B92D;
					};
				};
			};
			buildConfigurationList = D7D855761CF34BFF0028B92D /* Build configuration list for PBXProject "SimpleMetro" */;
			compatibilityVersion = "Xcode 3.2";
			developmentRegion = English;
			hasScannedForEncodings = 0;
			knownRegions = (
				en,
				Base,
			);
			mainGroup = D7D855721CF34BFF0028B92D;
			productRefGroup = D7D8557C1CF34BFF0028B92D /* Products */;
			projectDirPath = "";
			projectRoot = "";
			targets = (
				D7D8557A1CF34BFF0028B92D /* SimpleMetro */,
				D7D855931CF34BFF0028B92D /* SimpleMetroUITests */,
			);
		};
/* End PBXProject section */

/* Begin PBXResourcesBuildPhase section */
		D7D855791CF34BFF0028B92D /* Resources */ = {
			isa = PBXResourcesBuildPhase;
			buildActionMask = 2147483647;
			files = (
				D7D856AD1CF57A410028B92D /* metroline.plist in Resources */,
				D78C6A4F1CF9C18A00CAF770 /* LineStationsViewCell.xib in Resources */,
				D7D856341CF4342C0028B92D /* FontAwesome.otf in Resources */,
				D7D8558E1CF34BFF0028B92D /* LaunchScreen.storyboard in Resources */,
				D7D856A91CF56F590028B92D /* credits.html in Resources */,
				D7D8567D1CF56E6B0028B92D /* LeftMenuSectionHeaderView.xib in Resources */,
				D7D856A81CF56F590028B92D /* cocoapods.png in Resources */,
				D7D8558B1CF34BFF0028B92D /* Assets.xcassets in Resources */,
				D7D856361CF4342C0028B92D /* ionicons.ttf in Resources */,
				D78C6A431CF99CA900CAF770 /* LineStationsCell.xib in Resources */,
				D7D856351CF4342C0028B92D /* foundation-icons.ttf in Resources */,
				D7D8567B1CF56E6B0028B92D /* LeftMenuCell.xib in Resources */,
				D7D855891CF34BFF0028B92D /* Main.storyboard in Resources */,
				D7D856391CF4342C0028B92D /* zocial-regular-webfont.ttf in Resources */,
				D7D8565E1CF545B60028B92D /* AroundService.storyboard in Resources */,
				D7D856381CF4342C0028B92D /* octicons.ttf in Resources */,
				D7D856601CF546CA0028B92D /* MetroInfo.storyboard in Resources */,
				D70C3EEB1CF95BD000B7BAB5 /* MetroLineTitleView.xib in Resources */,
				D7D856AB1CF56F590028B92D /* style.css in Resources */,
				D7D856371CF4342C0028B92D /* Material-Design-Iconic-Font.ttf in Resources */,
				D7D856801CF56E6B0028B92D /* LineStationCell.xib in Resources */,
				D7D8567E1CF56E6B0028B92D /* LeftMenuSelectedBackgroundView.xib in Resources */,
			);
			runOnlyForDeploymentPostprocessing = 0;
		};
		D7D855921CF34BFF0028B92D /* Resources */ = {
			isa = PBXResourcesBuildPhase;
			buildActionMask = 2147483647;
			files = (
			);
			runOnlyForDeploymentPostprocessing = 0;
		};
/* End PBXResourcesBuildPhase section */

/* Begin PBXSourcesBuildPhase section */
		D7D855771CF34BFF0028B92D /* Sources */ = {
			isa = PBXSourcesBuildPhase;
			buildActionMask = 2147483647;
			files = (
				D7D8567C1CF56E6B0028B92D /* LeftMenuSectionHeaderView.m in Sources */,
				D7D8569A1CF56EE60028B92D /* OpenSourceViewController.m in Sources */,
				D7D856971CF56EE60028B92D /* BaseViewController.m in Sources */,
				D78C6A491CF9BED400CAF770 /* CSStickyHeaderFlowLayout.m in Sources */,
				D7D856C21CF59F490028B92D /* LeftMenuDataSource.m in Sources */,
				D78C6A4A1CF9BED400CAF770 /* CSStickyHeaderFlowLayoutAttributes.m in Sources */,
				D78C6A421CF99CA900CAF770 /* LineStationsCell.m in Sources */,
				D7D8567A1CF56E6B0028B92D /* LeftMenuCell.m in Sources */,
				D7D8560A1CF3F6450028B92D /* UITableView+Line.m in Sources */,
				D7D8569B1CF56EE60028B92D /* AboutMetroViewController.m in Sources */,
				D7D856081CF3F6450028B92D /* UIColor+Common.m in Sources */,
				D7D855DF1CF36FF80028B92D /* DropListView.m in Sources */,
				D7D8562F1CF4342C0028B92D /* FAKIcon.m in Sources */,
				D7D855E21CF36FF80028B92D /* HLLSpotlightViewController.m in Sources */,
				D7D855E01CF36FF80028B92D /* HLLSpotlight.m in Sources */,
				D70C3EF21CF98A2300B7BAB5 /* BaiduSDKMetroLineSearch.m in Sources */,
				D78C6A381CF98FC900CAF770 /* MetroLineInfoDataSource_BaiduSDK.m in Sources */,
				D7D8562E1CF4342C0028B92D /* FAKFoundationIcons.m in Sources */,
				D7D855831CF34BFF0028B92D /* AppDelegate.m in Sources */,
				D7D856331CF4342C0028B92D /* FAKZocial.m in Sources */,
				D7D856091CF3F6450028B92D /* UIImage+Tint.m in Sources */,
				D7D855EF1CF3F0C50028B92D /* RECommonFunctions.m in Sources */,
				D7D856471CF455080028B92D /* UIImage+Common.m in Sources */,
				D78C6A3B1CF9922200CAF770 /* MetroLineInfoDataSourceAdapter.m in Sources */,
				D77DCA571CF75966002249CC /* LineStationBaseInfoView.m in Sources */,
				D7D8569F1CF56EE60028B92D /* LeftMenuViewController.m in Sources */,
				D70C3EE91CF95BC700B7BAB5 /* MetroLineTitleView.m in Sources */,
				D7D8569E1CF56EE60028B92D /* ViewController.m in Sources */,
				D7D855E11CF36FF80028B92D /* HLLSpotlightView.m in Sources */,
				D77DCA3E1CF6933C002249CC /* BlurActionSheetView.m in Sources */,
				D7D855F11CF3F0C50028B92D /* UIViewController+RESideMenu.m in Sources */,
				D7D855E31CF36FF80028B92D /* HLLTransition.m in Sources */,
				D70C3EF31CF98A2300B7BAB5 /* BaiduSDKMetroStationAroundBusLineSearch.m in Sources */,
				D7D8560F1CF3F6740028B92D /* StoryBoardUtilities.m in Sources */,
				D7D856311CF4342C0028B92D /* FAKMaterialIcons.m in Sources */,
				D7D856301CF4342C0028B92D /* FAKIonIcons.m in Sources */,
				D77DCA421CF6E0AD002249CC /* HLLPullToRefreshView.m in Sources */,
				D78C6A4E1CF9C18A00CAF770 /* LineStationsViewCell.m in Sources */,
				D7D8560B1CF3F6450028B92D /* UIView+Common.m in Sources */,
				D7D8567F1CF56E6B0028B92D /* LineStationCell.m in Sources */,
				D7D856781CF56E6B0028B92D /* MetroLineInfoDataSource_Plist.m in Sources */,
				D7D856321CF4342C0028B92D /* FAKOcticons.m in Sources */,
				D7D856981CF56EE60028B92D /* GuideViewController.m in Sources */,
				D78C6A521CF9D33000CAF770 /* LineStationsSectionHeaderView.m in Sources */,
				D7D8569C1CF56EE60028B92D /* AroundServiceViewContrller.m in Sources */,
				D7D856791CF56E6B0028B92D /* StationInfoDataSource.m in Sources */,
				D77DCA511CF73E6D002249CC /* MetroLineStationInfoHelper.m in Sources */,
				D77DCA541CF7443F002249CC /* BlurEffectView.m in Sources */,
				D7D855F01CF3F0C50028B92D /* RESideMenu.m in Sources */,
				D7D8569D1CF56EE60028B92D /* StationInfoController.m in Sources */,
				D7D8562D1CF4342C0028B92D /* FAKFontAwesome.m in Sources */,
				D7D856991CF56EE60028B92D /* AboutMeViewController.m in Sources */,
				D7D855801CF34BFF0028B92D /* main.m in Sources */,
			);
			runOnlyForDeploymentPostprocessing = 0;
		};
		D7D855901CF34BFF0028B92D /* Sources */ = {
			isa = PBXSourcesBuildPhase;
			buildActionMask = 2147483647;
			files = (
				D7D855991CF34BFF0028B92D /* SimpleMetroUITests.m in Sources */,
			);
			runOnlyForDeploymentPostprocessing = 0;
		};
/* End PBXSourcesBuildPhase section */

/* Begin PBXTargetDependency section */
		D7D855961CF34BFF0028B92D /* PBXTargetDependency */ = {
			isa = PBXTargetDependency;
			target = D7D8557A1CF34BFF0028B92D /* SimpleMetro */;
			targetProxy = D7D855951CF34BFF0028B92D /* PBXContainerItemProxy */;
		};
/* End PBXTargetDependency section */

/* Begin PBXVariantGroup section */
		D7D855871CF34BFF0028B92D /* Main.storyboard */ = {
			isa = PBXVariantGroup;
			children = (
				D7D855881CF34BFF0028B92D /* Base */,
			);
			name = Main.storyboard;
			sourceTree = "<group>";
		};
		D7D8558C1CF34BFF0028B92D /* LaunchScreen.storyboard */ = {
			isa = PBXVariantGroup;
			children = (
				D7D8558D1CF34BFF0028B92D /* Base */,
			);
			name = LaunchScreen.storyboard;
			sourceTree = "<group>";
		};
		D7D8565C1CF545B60028B92D /* AroundService.storyboard */ = {
			isa = PBXVariantGroup;
			children = (
				D7D8565D1CF545B60028B92D /* Base */,
			);
			name = AroundService.storyboard;
			sourceTree = "<group>";
		};
/* End PBXVariantGroup section */

/* Begin XCBuildConfiguration section */
		D7D8559B1CF34BFF0028B92D /* Debug */ = {
			isa = XCBuildConfiguration;
			buildSettings = {
				ALWAYS_SEARCH_USER_PATHS = NO;
				CLANG_ANALYZER_NONNULL = YES;
				CLANG_CXX_LANGUAGE_STANDARD = "gnu++0x";
				CLANG_CXX_LIBRARY = "libc++";
				CLANG_ENABLE_MODULES = YES;
				CLANG_ENABLE_OBJC_ARC = YES;
				CLANG_WARN_BOOL_CONVERSION = YES;
				CLANG_WARN_CONSTANT_CONVERSION = YES;
				CLANG_WARN_DIRECT_OBJC_ISA_USAGE = YES_ERROR;
				CLANG_WARN_EMPTY_BODY = YES;
				CLANG_WARN_ENUM_CONVERSION = YES;
				CLANG_WARN_INT_CONVERSION = YES;
				CLANG_WARN_OBJC_ROOT_CLASS = YES_ERROR;
				CLANG_WARN_UNREACHABLE_CODE = YES;
				CLANG_WARN__DUPLICATE_METHOD_MATCH = YES;
				"CODE_SIGN_IDENTITY[sdk=iphoneos*]" = "iPhone Developer";
				COPY_PHASE_STRIP = NO;
				DEBUG_INFORMATION_FORMAT = dwarf;
				ENABLE_STRICT_OBJC_MSGSEND = YES;
				ENABLE_TESTABILITY = YES;
				GCC_C_LANGUAGE_STANDARD = gnu99;
				GCC_DYNAMIC_NO_PIC = NO;
				GCC_NO_COMMON_BLOCKS = YES;
				GCC_OPTIMIZATION_LEVEL = 0;
				GCC_PREPROCESSOR_DEFINITIONS = (
					"DEBUG=1",
					"$(inherited)",
				);
				GCC_WARN_64_TO_32_BIT_CONVERSION = YES;
				GCC_WARN_ABOUT_RETURN_TYPE = YES_ERROR;
				GCC_WARN_UNDECLARED_SELECTOR = YES;
				GCC_WARN_UNINITIALIZED_AUTOS = YES_AGGRESSIVE;
				GCC_WARN_UNUSED_FUNCTION = YES;
				GCC_WARN_UNUSED_VARIABLE = YES;
				IPHONEOS_DEPLOYMENT_TARGET = 8.0;
				MTL_ENABLE_DEBUG_INFO = YES;
				ONLY_ACTIVE_ARCH = YES;
				SDKROOT = iphoneos;
				TARGETED_DEVICE_FAMILY = "1,2";
			};
			name = Debug;
		};
		D7D8559C1CF34BFF0028B92D /* Release */ = {
			isa = XCBuildConfiguration;
			buildSettings = {
				ALWAYS_SEARCH_USER_PATHS = NO;
				CLANG_ANALYZER_NONNULL = YES;
				CLANG_CXX_LANGUAGE_STANDARD = "gnu++0x";
				CLANG_CXX_LIBRARY = "libc++";
				CLANG_ENABLE_MODULES = YES;
				CLANG_ENABLE_OBJC_ARC = YES;
				CLANG_WARN_BOOL_CONVERSION = YES;
				CLANG_WARN_CONSTANT_CONVERSION = YES;
				CLANG_WARN_DIRECT_OBJC_ISA_USAGE = YES_ERROR;
				CLANG_WARN_EMPTY_BODY = YES;
				CLANG_WARN_ENUM_CONVERSION = YES;
				CLANG_WARN_INT_CONVERSION = YES;
				CLANG_WARN_OBJC_ROOT_CLASS = YES_ERROR;
				CLANG_WARN_UNREACHABLE_CODE = YES;
				CLANG_WARN__DUPLICATE_METHOD_MATCH = YES;
				"CODE_SIGN_IDENTITY[sdk=iphoneos*]" = "iPhone Developer";
				COPY_PHASE_STRIP = NO;
				DEBUG_INFORMATION_FORMAT = "dwarf-with-dsym";
				ENABLE_NS_ASSERTIONS = NO;
				ENABLE_STRICT_OBJC_MSGSEND = YES;
				GCC_C_LANGUAGE_STANDARD = gnu99;
				GCC_NO_COMMON_BLOCKS = YES;
				GCC_WARN_64_TO_32_BIT_CONVERSION = YES;
				GCC_WARN_ABOUT_RETURN_TYPE = YES_ERROR;
				GCC_WARN_UNDECLARED_SELECTOR = YES;
				GCC_WARN_UNINITIALIZED_AUTOS = YES_AGGRESSIVE;
				GCC_WARN_UNUSED_FUNCTION = YES;
				GCC_WARN_UNUSED_VARIABLE = YES;
				IPHONEOS_DEPLOYMENT_TARGET = 8.0;
				MTL_ENABLE_DEBUG_INFO = NO;
				SDKROOT = iphoneos;
				TARGETED_DEVICE_FAMILY = "1,2";
				VALIDATE_PRODUCT = YES;
			};
			name = Release;
		};
		D7D8559E1CF34BFF0028B92D /* Debug */ = {
			isa = XCBuildConfiguration;
			buildSettings = {
				ASSETCATALOG_COMPILER_APPICON_NAME = AppIcon;
				FRAMEWORK_SEARCH_PATHS = (
					"$(inherited)",
					"$(PROJECT_DIR)/SimpleMetro/Thrid/Baidu",
					SDK,
					"$(PROJECT_DIR)/SimpleMetro/Thrid/BaiduSDK",
				);
				GCC_PRECOMPILE_PREFIX_HEADER = YES;
				GCC_PREFIX_HEADER = "$(SRCROOT)/SimpleMetro/SimpleMetro.pch";
				INFOPLIST_FILE = SimpleMetro/Info.plist;
				LD_RUNPATH_SEARCH_PATHS = "$(inherited) @executable_path/Frameworks";
				OTHER_LDFLAGS = "-ObjC";
				PRODUCT_BUNDLE_IDENTIFIER = com.metroservice.hll;
				PRODUCT_NAME = "$(TARGET_NAME)";
			};
			name = Debug;
		};
		D7D8559F1CF34BFF0028B92D /* Release */ = {
			isa = XCBuildConfiguration;
			buildSettings = {
				ASSETCATALOG_COMPILER_APPICON_NAME = AppIcon;
				FRAMEWORK_SEARCH_PATHS = (
					"$(inherited)",
					"$(PROJECT_DIR)/SimpleMetro/Thrid/Baidu",
					SDK,
					"$(PROJECT_DIR)/SimpleMetro/Thrid/BaiduSDK",
				);
				GCC_PRECOMPILE_PREFIX_HEADER = YES;
				GCC_PREFIX_HEADER = "$(SRCROOT)/SimpleMetro/SimpleMetro.pch";
				INFOPLIST_FILE = SimpleMetro/Info.plist;
				LD_RUNPATH_SEARCH_PATHS = "$(inherited) @executable_path/Frameworks";
				OTHER_LDFLAGS = "-ObjC";
				PRODUCT_BUNDLE_IDENTIFIER = com.metroservice.hll;
				PRODUCT_NAME = "$(TARGET_NAME)";
			};
			name = Release;
		};
		D7D855A11CF34BFF0028B92D /* Debug */ = {
			isa = XCBuildConfiguration;
			buildSettings = {
				INFOPLIST_FILE = SimpleMetroUITests/Info.plist;
				LD_RUNPATH_SEARCH_PATHS = "$(inherited) @executable_path/Frameworks @loader_path/Frameworks";
				PRODUCT_BUNDLE_IDENTIFIER = HLL.SimpleMetroUITests;
				PRODUCT_NAME = "$(TARGET_NAME)";
				TEST_TARGET_NAME = SimpleMetro;
			};
			name = Debug;
		};
		D7D855A21CF34BFF0028B92D /* Release */ = {
			isa = XCBuildConfiguration;
			buildSettings = {
				INFOPLIST_FILE = SimpleMetroUITests/Info.plist;
				LD_RUNPATH_SEARCH_PATHS = "$(inherited) @executable_path/Frameworks @loader_path/Frameworks";
				PRODUCT_BUNDLE_IDENTIFIER = HLL.SimpleMetroUITests;
				PRODUCT_NAME = "$(TARGET_NAME)";
				TEST_TARGET_NAME = SimpleMetro;
			};
			name = Release;
		};
/* End XCBuildConfiguration section */

/* Begin XCConfigurationList section */
		D7D855761CF34BFF0028B92D /* Build configuration list for PBXProject "SimpleMetro" */ = {
			isa = XCConfigurationList;
			buildConfigurations = (
				D7D8559B1CF34BFF0028B92D /* Debug */,
				D7D8559C1CF34BFF0028B92D /* Release */,
			);
			defaultConfigurationIsVisible = 0;
			defaultConfigurationName = Release;
		};
		D7D8559D1CF34BFF0028B92D /* Build configuration list for PBXNativeTarget "SimpleMetro" */ = {
			isa = XCConfigurationList;
			buildConfigurations = (
				D7D8559E1CF34BFF0028B92D /* Debug */,
				D7D8559F1CF34BFF0028B92D /* Release */,
			);
			defaultConfigurationIsVisible = 0;
			defaultConfigurationName = Release;
		};
		D7D855A01CF34BFF0028B92D /* Build configuration list for PBXNativeTarget "SimpleMetroUITests" */ = {
			isa = XCConfigurationList;
			buildConfigurations = (
				D7D855A11CF34BFF0028B92D /* Debug */,
				D7D855A21CF34BFF0028B92D /* Release */,
			);
			defaultConfigurationIsVisible = 0;
			defaultConfigurationName = Release;
		};
/* End XCConfigurationList section */
	};
	rootObject = D7D855731CF34BFF0028B92D /* Project object */;
}
